
Microsoft Visual Studio Solution File, Format Version 12.00
# Visual Studio 15
VisualStudioVersion = 15.0.28307.572
MinimumVisualStudioVersion = 10.0.40219.1
Project("{8BC9CEB8-8B4A-11D0-8D11-00A0C91BC942}") = "Core", "proj\ML\Core\Core.vcxproj", "{528360E9-DDC7-4440-89A9-9D1FD9726AC1}"
EndProject
Project("{2150E333-8FDC-42A3-9474-1A3956D46DE8}") = "MemeLib", "MemeLib", "{024646EB-32DE-41D9-9057-593E1999A5D9}"
EndProject
Project("{8BC9CEB8-8B4A-11D0-8D11-00A0C91BC942}") = "Graphics", "proj\ML\Graphics\Graphics.vcxproj", "{5CF20D36-BF92-40A3-8C41-EBD1C2B43B77}"
	ProjectSection(ProjectDependencies) = postProject
		{FD118371-D8EF-48E4-8AA7-93E48984EB34} = {FD118371-D8EF-48E4-8AA7-93E48984EB34}
		{528360E9-DDC7-4440-89A9-9D1FD9726AC1} = {528360E9-DDC7-4440-89A9-9D1FD9726AC1}
	EndProjectSection
EndProject
Project("{8BC9CEB8-8B4A-11D0-8D11-00A0C91BC942}") = "Editor", "proj\ML\Editor\Editor.vcxproj", "{0068CB93-352F-485B-AEDC-1B09ADFD072A}"
	ProjectSection(ProjectDependencies) = postProject
		{4291F318-E725-4854-9E46-A01052E11D43} = {4291F318-E725-4854-9E46-A01052E11D43}
		{3BA9EB2C-0D0F-43C5-8AB6-FB802FB5464B} = {3BA9EB2C-0D0F-43C5-8AB6-FB802FB5464B}
		{5CF20D36-BF92-40A3-8C41-EBD1C2B43B77} = {5CF20D36-BF92-40A3-8C41-EBD1C2B43B77}
		{FD118371-D8EF-48E4-8AA7-93E48984EB34} = {FD118371-D8EF-48E4-8AA7-93E48984EB34}
		{C10FB685-D440-4F7E-A96F-781D209FAA15} = {C10FB685-D440-4F7E-A96F-781D209FAA15}
		{2ED057AA-1F88-4FBC-A133-7302253C5CEE} = {2ED057AA-1F88-4FBC-A133-7302253C5CEE}
		{7FF92CCF-D8FB-43B4-B564-A9901C230F86} = {7FF92CCF-D8FB-43B4-B564-A9901C230F86}
		{528360E9-DDC7-4440-89A9-9D1FD9726AC1} = {528360E9-DDC7-4440-89A9-9D1FD9726AC1}
	EndProjectSection
EndProject
Project("{8BC9CEB8-8B4A-11D0-8D11-00A0C91BC942}") = "Engine", "proj\ML\Engine\Engine.vcxproj", "{2ED057AA-1F88-4FBC-A133-7302253C5CEE}"
	ProjectSection(ProjectDependencies) = postProject
		{4291F318-E725-4854-9E46-A01052E11D43} = {4291F318-E725-4854-9E46-A01052E11D43}
		{3BA9EB2C-0D0F-43C5-8AB6-FB802FB5464B} = {3BA9EB2C-0D0F-43C5-8AB6-FB802FB5464B}
		{5CF20D36-BF92-40A3-8C41-EBD1C2B43B77} = {5CF20D36-BF92-40A3-8C41-EBD1C2B43B77}
		{FD118371-D8EF-48E4-8AA7-93E48984EB34} = {FD118371-D8EF-48E4-8AA7-93E48984EB34}
		{C10FB685-D440-4F7E-A96F-781D209FAA15} = {C10FB685-D440-4F7E-A96F-781D209FAA15}
		{7FF92CCF-D8FB-43B4-B564-A9901C230F86} = {7FF92CCF-D8FB-43B4-B564-A9901C230F86}
		{528360E9-DDC7-4440-89A9-9D1FD9726AC1} = {528360E9-DDC7-4440-89A9-9D1FD9726AC1}
	EndProjectSection
EndProject
Project("{8BC9CEB8-8B4A-11D0-8D11-00A0C91BC942}") = "Network", "proj\ML\Network\Network.vcxproj", "{7FF92CCF-D8FB-43B4-B564-A9901C230F86}"
	ProjectSection(ProjectDependencies) = postProject
		{528360E9-DDC7-4440-89A9-9D1FD9726AC1} = {528360E9-DDC7-4440-89A9-9D1FD9726AC1}
	EndProjectSection
EndProject
Project("{8BC9CEB8-8B4A-11D0-8D11-00A0C91BC942}") = "Window", "proj\ML\Window\Window.vcxproj", "{FD118371-D8EF-48E4-8AA7-93E48984EB34}"
	ProjectSection(ProjectDependencies) = postProject
		{528360E9-DDC7-4440-89A9-9D1FD9726AC1} = {528360E9-DDC7-4440-89A9-9D1FD9726AC1}
	EndProjectSection
EndProject
Project("{8BC9CEB8-8B4A-11D0-8D11-00A0C91BC942}") = "Script", "proj\ML\Script\Script.vcxproj", "{3BA9EB2C-0D0F-43C5-8AB6-FB802FB5464B}"
	ProjectSection(ProjectDependencies) = postProject
		{528360E9-DDC7-4440-89A9-9D1FD9726AC1} = {528360E9-DDC7-4440-89A9-9D1FD9726AC1}
	EndProjectSection
EndProject
Project("{8BC9CEB8-8B4A-11D0-8D11-00A0C91BC942}") = "Physics", "proj\ML\Physics\Physics.vcxproj", "{4291F318-E725-4854-9E46-A01052E11D43}"
	ProjectSection(ProjectDependencies) = postProject
		{528360E9-DDC7-4440-89A9-9D1FD9726AC1} = {528360E9-DDC7-4440-89A9-9D1FD9726AC1}
	EndProjectSection
EndProject
Project("{2150E333-8FDC-42A3-9474-1A3956D46DE8}") = "Docs", "Docs", "{83623E09-8549-4386-9865-F03B95B7D5E6}"
	ProjectSection(SolutionItems) = preProject
		LICENSE.txt = LICENSE.txt
		README.md = README.md
	EndProjectSection
EndProject
Project("{8BC9CEB8-8B4A-11D0-8D11-00A0C91BC942}") = "Launcher", "proj\ML\Launcher\Launcher.vcxproj", "{E6B44D15-0792-4593-8633-4CE6F9B5326D}"
	ProjectSection(ProjectDependencies) = postProject
		{4291F318-E725-4854-9E46-A01052E11D43} = {4291F318-E725-4854-9E46-A01052E11D43}
		{3BA9EB2C-0D0F-43C5-8AB6-FB802FB5464B} = {3BA9EB2C-0D0F-43C5-8AB6-FB802FB5464B}
		{5CF20D36-BF92-40A3-8C41-EBD1C2B43B77} = {5CF20D36-BF92-40A3-8C41-EBD1C2B43B77}
		{FD118371-D8EF-48E4-8AA7-93E48984EB34} = {FD118371-D8EF-48E4-8AA7-93E48984EB34}
		{C10FB685-D440-4F7E-A96F-781D209FAA15} = {C10FB685-D440-4F7E-A96F-781D209FAA15}
		{0068CB93-352F-485B-AEDC-1B09ADFD072A} = {0068CB93-352F-485B-AEDC-1B09ADFD072A}
		{2ED057AA-1F88-4FBC-A133-7302253C5CEE} = {2ED057AA-1F88-4FBC-A133-7302253C5CEE}
		{7FF92CCF-D8FB-43B4-B564-A9901C230F86} = {7FF92CCF-D8FB-43B4-B564-A9901C230F86}
		{528360E9-DDC7-4440-89A9-9D1FD9726AC1} = {528360E9-DDC7-4440-89A9-9D1FD9726AC1}
	EndProjectSection
EndProject
Project("{8BC9CEB8-8B4A-11D0-8D11-00A0C91BC942}") = "Audio", "proj\ML\Audio\Audio.vcxproj", "{C10FB685-D440-4F7E-A96F-781D209FAA15}"
	ProjectSection(ProjectDependencies) = postProject
		{528360E9-DDC7-4440-89A9-9D1FD9726AC1} = {528360E9-DDC7-4440-89A9-9D1FD9726AC1}
	EndProjectSection
EndProject
Project("{8BC9CEB8-8B4A-11D0-8D11-00A0C91BC942}") = "Sandbox", "examples\Sandbox\Sandbox.vcxproj", "{623B2268-3A80-43C7-94F6-F70184373148}"
	ProjectSection(ProjectDependencies) = postProject
		{E6B44D15-0792-4593-8633-4CE6F9B5326D} = {E6B44D15-0792-4593-8633-4CE6F9B5326D}
	EndProjectSection
EndProject
Project("{8BC9CEB8-8B4A-11D0-8D11-00A0C91BC942}") = "TestPlugin", "examples\TestPlugin\TestPlugin.vcxproj", "{460A52CB-AFC0-451A-8223-943538090422}"
	ProjectSection(ProjectDependencies) = postProject
		{E6B44D15-0792-4593-8633-4CE6F9B5326D} = {E6B44D15-0792-4593-8633-4CE6F9B5326D}
	EndProjectSection
EndProject
Project("{2150E333-8FDC-42A3-9474-1A3956D46DE8}") = "Examples", "Examples", "{AF8F37A0-B254-4A2C-BD13-AB6C46ADF3CE}"
EndProject
Global
	GlobalSection(SolutionConfigurationPlatforms) = preSolution
		Debug|x64 = Debug|x64
		Debug|x86 = Debug|x86
		Release|x64 = Release|x64
		Release|x86 = Release|x86
	EndGlobalSection
	GlobalSection(ProjectConfigurationPlatforms) = postSolution
		{528360E9-DDC7-4440-89A9-9D1FD9726AC1}.Debug|x64.ActiveCfg = Debug|x64
		{528360E9-DDC7-4440-89A9-9D1FD9726AC1}.Debug|x64.Build.0 = Debug|x64
		{528360E9-DDC7-4440-89A9-9D1FD9726AC1}.Debug|x86.ActiveCfg = Debug|Win32
		{528360E9-DDC7-4440-89A9-9D1FD9726AC1}.Debug|x86.Build.0 = Debug|Win32
		{528360E9-DDC7-4440-89A9-9D1FD9726AC1}.Release|x64.ActiveCfg = Release|x64
		{528360E9-DDC7-4440-89A9-9D1FD9726AC1}.Release|x64.Build.0 = Release|x64
		{528360E9-DDC7-4440-89A9-9D1FD9726AC1}.Release|x86.ActiveCfg = Release|Win32
		{528360E9-DDC7-4440-89A9-9D1FD9726AC1}.Release|x86.Build.0 = Release|Win32
		{5CF20D36-BF92-40A3-8C41-EBD1C2B43B77}.Debug|x64.ActiveCfg = Debug|x64
		{5CF20D36-BF92-40A3-8C41-EBD1C2B43B77}.Debug|x64.Build.0 = Debug|x64
		{5CF20D36-BF92-40A3-8C41-EBD1C2B43B77}.Debug|x86.ActiveCfg = Debug|Win32
		{5CF20D36-BF92-40A3-8C41-EBD1C2B43B77}.Debug|x86.Build.0 = Debug|Win32
		{5CF20D36-BF92-40A3-8C41-EBD1C2B43B77}.Release|x64.ActiveCfg = Release|x64
		{5CF20D36-BF92-40A3-8C41-EBD1C2B43B77}.Release|x64.Build.0 = Release|x64
		{5CF20D36-BF92-40A3-8C41-EBD1C2B43B77}.Release|x86.ActiveCfg = Release|Win32
		{5CF20D36-BF92-40A3-8C41-EBD1C2B43B77}.Release|x86.Build.0 = Release|Win32
		{0068CB93-352F-485B-AEDC-1B09ADFD072A}.Debug|x64.ActiveCfg = Debug|x64
		{0068CB93-352F-485B-AEDC-1B09ADFD072A}.Debug|x64.Build.0 = Debug|x64
		{0068CB93-352F-485B-AEDC-1B09ADFD072A}.Debug|x86.ActiveCfg = Debug|Win32
		{0068CB93-352F-485B-AEDC-1B09ADFD072A}.Debug|x86.Build.0 = Debug|Win32
		{0068CB93-352F-485B-AEDC-1B09ADFD072A}.Release|x64.ActiveCfg = Release|x64
		{0068CB93-352F-485B-AEDC-1B09ADFD072A}.Release|x64.Build.0 = Release|x64
		{0068CB93-352F-485B-AEDC-1B09ADFD072A}.Release|x86.ActiveCfg = Release|Win32
		{0068CB93-352F-485B-AEDC-1B09ADFD072A}.Release|x86.Build.0 = Release|Win32
		{2ED057AA-1F88-4FBC-A133-7302253C5CEE}.Debug|x64.ActiveCfg = Debug|x64
		{2ED057AA-1F88-4FBC-A133-7302253C5CEE}.Debug|x64.Build.0 = Debug|x64
		{2ED057AA-1F88-4FBC-A133-7302253C5CEE}.Debug|x86.ActiveCfg = Debug|Win32
		{2ED057AA-1F88-4FBC-A133-7302253C5CEE}.Debug|x86.Build.0 = Debug|Win32
		{2ED057AA-1F88-4FBC-A133-7302253C5CEE}.Release|x64.ActiveCfg = Release|x64
		{2ED057AA-1F88-4FBC-A133-7302253C5CEE}.Release|x64.Build.0 = Release|x64
		{2ED057AA-1F88-4FBC-A133-7302253C5CEE}.Release|x86.ActiveCfg = Release|Win32
		{2ED057AA-1F88-4FBC-A133-7302253C5CEE}.Release|x86.Build.0 = Release|Win32
		{7FF92CCF-D8FB-43B4-B564-A9901C230F86}.Debug|x64.ActiveCfg = Debug|x64
		{7FF92CCF-D8FB-43B4-B564-A9901C230F86}.Debug|x64.Build.0 = Debug|x64
		{7FF92CCF-D8FB-43B4-B564-A9901C230F86}.Debug|x86.ActiveCfg = Debug|Win32
		{7FF92CCF-D8FB-43B4-B564-A9901C230F86}.Debug|x86.Build.0 = Debug|Win32
		{7FF92CCF-D8FB-43B4-B564-A9901C230F86}.Release|x64.ActiveCfg = Release|x64
		{7FF92CCF-D8FB-43B4-B564-A9901C230F86}.Release|x64.Build.0 = Release|x64
		{7FF92CCF-D8FB-43B4-B564-A9901C230F86}.Release|x86.ActiveCfg = Release|Win32
		{7FF92CCF-D8FB-43B4-B564-A9901C230F86}.Release|x86.Build.0 = Release|Win32
		{FD118371-D8EF-48E4-8AA7-93E48984EB34}.Debug|x64.ActiveCfg = Debug|x64
		{FD118371-D8EF-48E4-8AA7-93E48984EB34}.Debug|x64.Build.0 = Debug|x64
		{FD118371-D8EF-48E4-8AA7-93E48984EB34}.Debug|x86.ActiveCfg = Debug|Win32
		{FD118371-D8EF-48E4-8AA7-93E48984EB34}.Debug|x86.Build.0 = Debug|Win32
		{FD118371-D8EF-48E4-8AA7-93E48984EB34}.Release|x64.ActiveCfg = Release|x64
		{FD118371-D8EF-48E4-8AA7-93E48984EB34}.Release|x64.Build.0 = Release|x64
		{FD118371-D8EF-48E4-8AA7-93E48984EB34}.Release|x86.ActiveCfg = Release|Win32
		{FD118371-D8EF-48E4-8AA7-93E48984EB34}.Release|x86.Build.0 = Release|Win32
		{3BA9EB2C-0D0F-43C5-8AB6-FB802FB5464B}.Debug|x64.ActiveCfg = Debug|x64
		{3BA9EB2C-0D0F-43C5-8AB6-FB802FB5464B}.Debug|x64.Build.0 = Debug|x64
		{3BA9EB2C-0D0F-43C5-8AB6-FB802FB5464B}.Debug|x86.ActiveCfg = Debug|Win32
		{3BA9EB2C-0D0F-43C5-8AB6-FB802FB5464B}.Debug|x86.Build.0 = Debug|Win32
		{3BA9EB2C-0D0F-43C5-8AB6-FB802FB5464B}.Release|x64.ActiveCfg = Release|x64
		{3BA9EB2C-0D0F-43C5-8AB6-FB802FB5464B}.Release|x64.Build.0 = Release|x64
		{3BA9EB2C-0D0F-43C5-8AB6-FB802FB5464B}.Release|x86.ActiveCfg = Release|Win32
		{3BA9EB2C-0D0F-43C5-8AB6-FB802FB5464B}.Release|x86.Build.0 = Release|Win32
		{4291F318-E725-4854-9E46-A01052E11D43}.Debug|x64.ActiveCfg = Debug|x64
		{4291F318-E725-4854-9E46-A01052E11D43}.Debug|x64.Build.0 = Debug|x64
		{4291F318-E725-4854-9E46-A01052E11D43}.Debug|x86.ActiveCfg = Debug|Win32
		{4291F318-E725-4854-9E46-A01052E11D43}.Debug|x86.Build.0 = Debug|Win32
		{4291F318-E725-4854-9E46-A01052E11D43}.Release|x64.ActiveCfg = Release|x64
		{4291F318-E725-4854-9E46-A01052E11D43}.Release|x64.Build.0 = Release|x64
		{4291F318-E725-4854-9E46-A01052E11D43}.Release|x86.ActiveCfg = Release|Win32
		{4291F318-E725-4854-9E46-A01052E11D43}.Release|x86.Build.0 = Release|Win32
		{E6B44D15-0792-4593-8633-4CE6F9B5326D}.Debug|x64.ActiveCfg = Debug|x64
		{E6B44D15-0792-4593-8633-4CE6F9B5326D}.Debug|x64.Build.0 = Debug|x64
		{E6B44D15-0792-4593-8633-4CE6F9B5326D}.Debug|x86.ActiveCfg = Debug|Win32
		{E6B44D15-0792-4593-8633-4CE6F9B5326D}.Debug|x86.Build.0 = Debug|Win32
		{E6B44D15-0792-4593-8633-4CE6F9B5326D}.Release|x64.ActiveCfg = Release|x64
		{E6B44D15-0792-4593-8633-4CE6F9B5326D}.Release|x64.Build.0 = Release|x64
		{E6B44D15-0792-4593-8633-4CE6F9B5326D}.Release|x86.ActiveCfg = Release|Win32
		{E6B44D15-0792-4593-8633-4CE6F9B5326D}.Release|x86.Build.0 = Release|Win32
		{C10FB685-D440-4F7E-A96F-781D209FAA15}.Debug|x64.ActiveCfg = Debug|x64
		{C10FB685-D440-4F7E-A96F-781D209FAA15}.Debug|x64.Build.0 = Debug|x64
		{C10FB685-D440-4F7E-A96F-781D209FAA15}.Debug|x86.ActiveCfg = Debug|Win32
		{C10FB685-D440-4F7E-A96F-781D209FAA15}.Debug|x86.Build.0 = Debug|Win32
		{C10FB685-D440-4F7E-A96F-781D209FAA15}.Release|x64.ActiveCfg = Release|x64
		{C10FB685-D440-4F7E-A96F-781D209FAA15}.Release|x64.Build.0 = Release|x64
		{C10FB685-D440-4F7E-A96F-781D209FAA15}.Release|x86.ActiveCfg = Release|Win32
		{C10FB685-D440-4F7E-A96F-781D209FAA15}.Release|x86.Build.0 = Release|Win32
		{623B2268-3A80-43C7-94F6-F70184373148}.Debug|x64.ActiveCfg = Debug|x64
		{623B2268-3A80-43C7-94F6-F70184373148}.Debug|x64.Build.0 = Debug|x64
		{623B2268-3A80-43C7-94F6-F70184373148}.Debug|x86.ActiveCfg = Debug|Win32
		{623B2268-3A80-43C7-94F6-F70184373148}.Debug|x86.Build.0 = Debug|Win32
		{623B2268-3A80-43C7-94F6-F70184373148}.Release|x64.ActiveCfg = Release|x64
		{623B2268-3A80-43C7-94F6-F70184373148}.Release|x64.Build.0 = Release|x64
		{623B2268-3A80-43C7-94F6-F70184373148}.Release|x86.ActiveCfg = Release|Win32
		{623B2268-3A80-43C7-94F6-F70184373148}.Release|x86.Build.0 = Release|Win32
		{460A52CB-AFC0-451A-8223-943538090422}.Debug|x64.ActiveCfg = Debug|x64
		{460A52CB-AFC0-451A-8223-943538090422}.Debug|x64.Build.0 = Debug|x64
		{460A52CB-AFC0-451A-8223-943538090422}.Debug|x86.ActiveCfg = Debug|Win32
		{460A52CB-AFC0-451A-8223-943538090422}.Debug|x86.Build.0 = Debug|Win32
		{460A52CB-AFC0-451A-8223-943538090422}.Release|x64.ActiveCfg = Release|x64
		{460A52CB-AFC0-451A-8223-943538090422}.Release|x64.Build.0 = Release|x64
		{460A52CB-AFC0-451A-8223-943538090422}.Release|x86.ActiveCfg = Release|Win32
		{460A52CB-AFC0-451A-8223-943538090422}.Release|x86.Build.0 = Release|Win32
	EndGlobalSection
	GlobalSection(SolutionProperties) = preSolution
		HideSolutionNode = FALSE
	EndGlobalSection
	GlobalSection(NestedProjects) = preSolution
		{528360E9-DDC7-4440-89A9-9D1FD9726AC1} = {024646EB-32DE-41D9-9057-593E1999A5D9}
		{5CF20D36-BF92-40A3-8C41-EBD1C2B43B77} = {024646EB-32DE-41D9-9057-593E1999A5D9}
		{0068CB93-352F-485B-AEDC-1B09ADFD072A} = {024646EB-32DE-41D9-9057-593E1999A5D9}
		{2ED057AA-1F88-4FBC-A133-7302253C5CEE} = {024646EB-32DE-41D9-9057-593E1999A5D9}
		{7FF92CCF-D8FB-43B4-B564-A9901C230F86} = {024646EB-32DE-41D9-9057-593E1999A5D9}
		{FD118371-D8EF-48E4-8AA7-93E48984EB34} = {024646EB-32DE-41D9-9057-593E1999A5D9}
		{3BA9EB2C-0D0F-43C5-8AB6-FB802FB5464B} = {024646EB-32DE-41D9-9057-593E1999A5D9}
		{4291F318-E725-4854-9E46-A01052E11D43} = {024646EB-32DE-41D9-9057-593E1999A5D9}
		{C10FB685-D440-4F7E-A96F-781D209FAA15} = {024646EB-32DE-41D9-9057-593E1999A5D9}
		{623B2268-3A80-43C7-94F6-F70184373148} = {AF8F37A0-B254-4A2C-BD13-AB6C46ADF3CE}
		{460A52CB-AFC0-451A-8223-943538090422} = {AF8F37A0-B254-4A2C-BD13-AB6C46ADF3CE}
	EndGlobalSection
	GlobalSection(ExtensibilityGlobals) = postSolution
		SolutionGuid = {1D3845FD-50CB-410F-95BC-888FC73F4340}
	EndGlobalSection
EndGlobal
