
Microsoft Visual Studio Solution File, Format Version 12.00
# Visual Studio Version 16
VisualStudioVersion = 16.0.29409.12
MinimumVisualStudioVersion = 10.0.40219.1
Project("{8BC9CEB8-8B4A-11D0-8D11-00A0C91BC942}") = "Core", "proj\ML\Core\Core.vcxproj", "{528360E9-DDC7-4440-89A9-9D1FD9726AC1}"
EndProject
Project("{2150E333-8FDC-42A3-9474-1A3956D46DE8}") = "MemeLib", "MemeLib", "{024646EB-32DE-41D9-9057-593E1999A5D9}"
EndProject
Project("{8BC9CEB8-8B4A-11D0-8D11-00A0C91BC942}") = "Graphics", "proj\ML\Graphics\Graphics.vcxproj", "{5CF20D36-BF92-40A3-8C41-EBD1C2B43B77}"
	ProjectSection(ProjectDependencies) = postProject
		{FD118371-D8EF-48E4-8AA7-93E48984EB34} = {FD118371-D8EF-48E4-8AA7-93E48984EB34}
		{528360E9-DDC7-4440-89A9-9D1FD9726AC1} = {528360E9-DDC7-4440-89A9-9D1FD9726AC1}
	EndProjectSection
EndProject
Project("{8BC9CEB8-8B4A-11D0-8D11-00A0C91BC942}") = "Editor", "proj\ML\Editor\Editor.vcxproj", "{0068CB93-352F-485B-AEDC-1B09ADFD072A}"
	ProjectSection(ProjectDependencies) = postProject
		{5CF20D36-BF92-40A3-8C41-EBD1C2B43B77} = {5CF20D36-BF92-40A3-8C41-EBD1C2B43B77}
		{FD118371-D8EF-48E4-8AA7-93E48984EB34} = {FD118371-D8EF-48E4-8AA7-93E48984EB34}
		{C10FB685-D440-4F7E-A96F-781D209FAA15} = {C10FB685-D440-4F7E-A96F-781D209FAA15}
		{2ED057AA-1F88-4FBC-A133-7302253C5CEE} = {2ED057AA-1F88-4FBC-A133-7302253C5CEE}
		{7FF92CCF-D8FB-43B4-B564-A9901C230F86} = {7FF92CCF-D8FB-43B4-B564-A9901C230F86}
		{528360E9-DDC7-4440-89A9-9D1FD9726AC1} = {528360E9-DDC7-4440-89A9-9D1FD9726AC1}
	EndProjectSection
EndProject
Project("{8BC9CEB8-8B4A-11D0-8D11-00A0C91BC942}") = "Engine", "proj\ML\Engine\Engine.vcxproj", "{2ED057AA-1F88-4FBC-A133-7302253C5CEE}"
	ProjectSection(ProjectDependencies) = postProject
		{5CF20D36-BF92-40A3-8C41-EBD1C2B43B77} = {5CF20D36-BF92-40A3-8C41-EBD1C2B43B77}
		{FD118371-D8EF-48E4-8AA7-93E48984EB34} = {FD118371-D8EF-48E4-8AA7-93E48984EB34}
		{C10FB685-D440-4F7E-A96F-781D209FAA15} = {C10FB685-D440-4F7E-A96F-781D209FAA15}
		{7FF92CCF-D8FB-43B4-B564-A9901C230F86} = {7FF92CCF-D8FB-43B4-B564-A9901C230F86}
		{528360E9-DDC7-4440-89A9-9D1FD9726AC1} = {528360E9-DDC7-4440-89A9-9D1FD9726AC1}
	EndProjectSection
EndProject
Project("{8BC9CEB8-8B4A-11D0-8D11-00A0C91BC942}") = "Network", "proj\ML\Network\Network.vcxproj", "{7FF92CCF-D8FB-43B4-B564-A9901C230F86}"
	ProjectSection(ProjectDependencies) = postProject
		{528360E9-DDC7-4440-89A9-9D1FD9726AC1} = {528360E9-DDC7-4440-89A9-9D1FD9726AC1}
	EndProjectSection
EndProject
Project("{8BC9CEB8-8B4A-11D0-8D11-00A0C91BC942}") = "Window", "proj\ML\Window\Window.vcxproj", "{FD118371-D8EF-48E4-8AA7-93E48984EB34}"
	ProjectSection(ProjectDependencies) = postProject
		{528360E9-DDC7-4440-89A9-9D1FD9726AC1} = {528360E9-DDC7-4440-89A9-9D1FD9726AC1}
	EndProjectSection
EndProject
Project("{2150E333-8FDC-42A3-9474-1A3956D46DE8}") = "Docs", "Docs", "{83623E09-8549-4386-9865-F03B95B7D5E6}"
	ProjectSection(SolutionItems) = preProject
		LICENSE.txt = LICENSE.txt
		README.md = README.md
		TODO.txt = TODO.txt
	EndProjectSection
EndProject
Project("{8BC9CEB8-8B4A-11D0-8D11-00A0C91BC942}") = "Launcher", "proj\ML\Launcher\Launcher.vcxproj", "{E6B44D15-0792-4593-8633-4CE6F9B5326D}"
	ProjectSection(ProjectDependencies) = postProject
		{5CF20D36-BF92-40A3-8C41-EBD1C2B43B77} = {5CF20D36-BF92-40A3-8C41-EBD1C2B43B77}
		{FD118371-D8EF-48E4-8AA7-93E48984EB34} = {FD118371-D8EF-48E4-8AA7-93E48984EB34}
		{C10FB685-D440-4F7E-A96F-781D209FAA15} = {C10FB685-D440-4F7E-A96F-781D209FAA15}
		{0068CB93-352F-485B-AEDC-1B09ADFD072A} = {0068CB93-352F-485B-AEDC-1B09ADFD072A}
		{2ED057AA-1F88-4FBC-A133-7302253C5CEE} = {2ED057AA-1F88-4FBC-A133-7302253C5CEE}
		{7FF92CCF-D8FB-43B4-B564-A9901C230F86} = {7FF92CCF-D8FB-43B4-B564-A9901C230F86}
		{528360E9-DDC7-4440-89A9-9D1FD9726AC1} = {528360E9-DDC7-4440-89A9-9D1FD9726AC1}
	EndProjectSection
EndProject
Project("{8BC9CEB8-8B4A-11D0-8D11-00A0C91BC942}") = "Audio", "proj\ML\Audio\Audio.vcxproj", "{C10FB685-D440-4F7E-A96F-781D209FAA15}"
	ProjectSection(ProjectDependencies) = postProject
		{528360E9-DDC7-4440-89A9-9D1FD9726AC1} = {528360E9-DDC7-4440-89A9-9D1FD9726AC1}
	EndProjectSection
EndProject
Project("{2150E333-8FDC-42A3-9474-1A3956D46DE8}") = "Plugins", "Plugins", "{F9D70DFB-1154-4022-B5E5-BC2A05CA83A0}"
EndProject
Project("{8BC9CEB8-8B4A-11D0-8D11-00A0C91BC942}") = "TestPlugin", "plugins\TestPlugin\TestPlugin.vcxproj", "{D05AD58C-413C-4072-970F-908D594E8D74}"
	ProjectSection(ProjectDependencies) = postProject
		{E6B44D15-0792-4593-8633-4CE6F9B5326D} = {E6B44D15-0792-4593-8633-4CE6F9B5326D}
	EndProjectSection
EndProject
Project("{8BC9CEB8-8B4A-11D0-8D11-00A0C91BC942}") = "Noobs", "plugins\Noobs\Noobs.vcxproj", "{8EEC0911-6CCC-49DC-9FC0-F4D92308F884}"
	ProjectSection(ProjectDependencies) = postProject
		{E6B44D15-0792-4593-8633-4CE6F9B5326D} = {E6B44D15-0792-4593-8633-4CE6F9B5326D}
	EndProjectSection
EndProject
Project("{8BC9CEB8-8B4A-11D0-8D11-00A0C91BC942}") = "CommandSuite", "plugins\CommandSuite\CommandSuite.vcxproj", "{6A168705-BC27-4A58-B05E-68A67F7808EE}"
	ProjectSection(ProjectDependencies) = postProject
		{E6B44D15-0792-4593-8633-4CE6F9B5326D} = {E6B44D15-0792-4593-8633-4CE6F9B5326D}
	EndProjectSection
EndProject
Project("{2150E333-8FDC-42A3-9474-1A3956D46DE8}") = "Assets", "Assets", "{DD2E8C15-3039-4A29-AFDD-3254464D0244}"
EndProject
Project("{2150E333-8FDC-42A3-9474-1A3956D46DE8}") = "scripts", "scripts", "{143D10DC-072C-445D-B21E-F68218928707}"
	ProjectSection(SolutionItems) = preProject
		assets\scripts\boot.py = assets\scripts\boot.py
		assets\scripts\load.py = assets\scripts\load.py
		assets\scripts\test.lua = assets\scripts\test.lua
		assets\scripts\test.py = assets\scripts\test.py
	EndProjectSection
EndProject
Project("{2150E333-8FDC-42A3-9474-1A3956D46DE8}") = "meshes", "meshes", "{4D22273C-B204-48A0-90AF-07076C5FCCED}"
	ProjectSection(SolutionItems) = preProject
		assets\meshes\cow.obj = assets\meshes\cow.obj
		assets\meshes\cube.obj = assets\meshes\cube.obj
		assets\meshes\monkey.obj = assets\meshes\monkey.obj
		assets\meshes\pumpkin.obj = assets\meshes\pumpkin.obj
		assets\meshes\sphere32x24.obj = assets\meshes\sphere32x24.obj
		assets\meshes\sphere8x6.obj = assets\meshes\sphere8x6.obj
		assets\meshes\teapot.obj = assets\meshes\teapot.obj
		assets\meshes\teddy.obj = assets\meshes\teddy.obj
	EndProjectSection
EndProject
Project("{2150E333-8FDC-42A3-9474-1A3956D46DE8}") = "textures", "textures", "{52D70D9D-ACBD-46AF-8751-58059C59D3F7}"
	ProjectSection(SolutionItems) = preProject
		assets\textures\borg.png = assets\textures\borg.png
		assets\textures\navball.png = assets\textures\navball.png
		assets\textures\neutrino.png = assets\textures\neutrino.png
		assets\textures\Sanic.png = assets\textures\Sanic.png
		assets\textures\test_sky.png = assets\textures\test_sky.png
	EndProjectSection
EndProject
Project("{2150E333-8FDC-42A3-9474-1A3956D46DE8}") = "images", "images", "{040CD99F-AB54-45AB-937A-AB2ABF5509C9}"
	ProjectSection(SolutionItems) = preProject
		assets\images\borg.png = assets\images\borg.png
		assets\images\icon.png = assets\images\icon.png
		assets\images\navball.png = assets\images\navball.png
		assets\images\neutrino.png = assets\images\neutrino.png
		assets\images\Sanic.png = assets\images\Sanic.png
		assets\images\test_sky.png = assets\images\test_sky.png
	EndProjectSection
EndProject
Project("{2150E333-8FDC-42A3-9474-1A3956D46DE8}") = "materials", "materials", "{C8354686-C4A5-4BB1-AB82-21A7F2D5CC4E}"
	ProjectSection(SolutionItems) = preProject
		assets\materials\advanced.mat = assets\materials\advanced.mat
		assets\materials\basic.mat = assets\materials\basic.mat
		assets\materials\geometry.mat = assets\materials\geometry.mat
		assets\materials\skybox.mat = assets\materials\skybox.mat
		assets\materials\surface.mat = assets\materials\surface.mat
	EndProjectSection
EndProject
Project("{2150E333-8FDC-42A3-9474-1A3956D46DE8}") = "fonts", "fonts", "{FA5371CD-8347-4A5D-90E8-E566528BFA18}"
	ProjectSection(SolutionItems) = preProject
		assets\fonts\clacon.ttf = assets\fonts\clacon.ttf
		assets\fonts\consolas.ttf = assets\fonts\consolas.ttf
		assets\fonts\lucida_console.ttf = assets\fonts\lucida_console.ttf
		assets\fonts\minecraft.ttf = assets\fonts\minecraft.ttf
	EndProjectSection
EndProject
Project("{2150E333-8FDC-42A3-9474-1A3956D46DE8}") = "shaders", "shaders", "{4F9AF5E6-F1C0-40CB-8DC3-21EBE10EB008}"
	ProjectSection(SolutionItems) = preProject
		assets\shaders\abstract_lines.shader = assets\shaders\abstract_lines.shader
		assets\shaders\advanced.fs.shader = assets\shaders\advanced.fs.shader
		assets\shaders\advanced.vs.shader = assets\shaders\advanced.vs.shader
		assets\shaders\basic.shader = assets\shaders\basic.shader
		assets\shaders\flames.shader = assets\shaders\flames.shader
		assets\shaders\geometry.shader = assets\shaders\geometry.shader
		assets\shaders\skybox.shader = assets\shaders\skybox.shader
		assets\shaders\sparkle_plexus.shader = assets\shaders\sparkle_plexus.shader
		assets\shaders\sprites.shader = assets\shaders\sprites.shader
		assets\shaders\surface.shader = assets\shaders\surface.shader
		assets\shaders\swirly.shader = assets\shaders\swirly.shader
		assets\shaders\test.shader = assets\shaders\test.shader
		assets\shaders\text.shader = assets\shaders\text.shader
		assets\shaders\wormhole.shader = assets\shaders\wormhole.shader
		assets\shaders\wrainbow.shader = assets\shaders\wrainbow.shader
	EndProjectSection
EndProject
Project("{2150E333-8FDC-42A3-9474-1A3956D46DE8}") = "styles", "styles", "{02E2220B-C9CB-432D-8994-25DA0586F6C2}"
	ProjectSection(SolutionItems) = preProject
		assets\styles\obsidian.txt = assets\styles\obsidian.txt
	EndProjectSection
EndProject
Project("{2150E333-8FDC-42A3-9474-1A3956D46DE8}") = "bg", "bg", "{3D1A4D54-02A7-497E-B673-502B39202457}"
	ProjectSection(SolutionItems) = preProject
		assets\textures\bg\bg_clouds.png = assets\textures\bg\bg_clouds.png
		assets\textures\bg\sky_clouds.png = assets\textures\bg\sky_clouds.png
		assets\textures\bg\sky_water.png = assets\textures\bg\sky_water.png
	EndProjectSection
EndProject
Project("{2150E333-8FDC-42A3-9474-1A3956D46DE8}") = "earth", "earth", "{DD4623B5-A0CE-42AA-81C2-0D9D789B035E}"
	ProjectSection(SolutionItems) = preProject
		assets\textures\earth\earth_cm_2k.png = assets\textures\earth\earth_cm_2k.png
		assets\textures\earth\earth_dm_2k.png = assets\textures\earth\earth_dm_2k.png
		assets\textures\earth\earth_hm_2k.png = assets\textures\earth\earth_hm_2k.png
		assets\textures\earth\earth_lm_2k.png = assets\textures\earth\earth_lm_2k.png
		assets\textures\earth\earth_nm_2k.png = assets\textures\earth\earth_nm_2k.png
		assets\textures\earth\earth_sm_2k.png = assets\textures\earth\earth_sm_2k.png
	EndProjectSection
EndProject
Project("{2150E333-8FDC-42A3-9474-1A3956D46DE8}") = "moon", "moon", "{E32CA4E1-67E6-465B-A943-A8E02FF03010}"
	ProjectSection(SolutionItems) = preProject
		assets\textures\moon\moon_dm_2k.png = assets\textures\moon\moon_dm_2k.png
		assets\textures\moon\moon_nm_2k.png = assets\textures\moon\moon_nm_2k.png
	EndProjectSection
EndProject
Project("{2150E333-8FDC-42A3-9474-1A3956D46DE8}") = "mars", "mars", "{5C2B7379-9CF7-4719-861C-85D63980000E}"
	ProjectSection(SolutionItems) = preProject
		assets\textures\mars\mars_dm_2k.png = assets\textures\mars\mars_dm_2k.png
		assets\textures\mars\mars_nm_2k.png = assets\textures\mars\mars_nm_2k.png
	EndProjectSection
EndProject
Project("{2150E333-8FDC-42A3-9474-1A3956D46DE8}") = "stone", "stone", "{5C4116E2-FE80-4082-8D1D-07291CB66781}"
	ProjectSection(SolutionItems) = preProject
		assets\textures\stone\stone_dm.png = assets\textures\stone\stone_dm.png
		assets\textures\stone\stone_hm.png = assets\textures\stone\stone_hm.png
		assets\textures\stone\stone_nm.png = assets\textures\stone\stone_nm.png
	EndProjectSection
EndProject
Project("{2150E333-8FDC-42A3-9474-1A3956D46DE8}") = "ui", "ui", "{1A4C4899-5441-4D12-9510-95456FC115DC}"
	ProjectSection(SolutionItems) = preProject
		assets\textures\ui\Add-Icon.png = assets\textures\ui\Add-Icon.png
		assets\textures\ui\Check-Icon.png = assets\textures\ui\Check-Icon.png
		assets\textures\ui\Home-Icon.png = assets\textures\ui\Home-Icon.png
		assets\textures\ui\Lock-Icon.png = assets\textures\ui\Lock-Icon.png
		assets\textures\ui\Power-Icon.png = assets\textures\ui\Power-Icon.png
		assets\textures\ui\Refresh-Icon.png = assets\textures\ui\Refresh-Icon.png
		assets\textures\ui\Remote-Icon.png = assets\textures\ui\Remote-Icon.png
		assets\textures\ui\Remove-Icon.png = assets\textures\ui\Remove-Icon.png
		assets\textures\ui\Search-Icon.png = assets\textures\ui\Search-Icon.png
		assets\textures\ui\Settings-Icon.png = assets\textures\ui\Settings-Icon.png
		assets\textures\ui\Social-Icon.png = assets\textures\ui\Social-Icon.png
		assets\textures\ui\Trash-Icon.png = assets\textures\ui\Trash-Icon.png
	EndProjectSection
EndProject
Project("{2150E333-8FDC-42A3-9474-1A3956D46DE8}") = "common", "common", "{9A3AA4D5-6B48-4D22-AB12-8A5E01DF253F}"
	ProjectSection(SolutionItems) = preProject
		assets\shaders\common\Curve.Draw.shader = assets\shaders\common\Curve.Draw.shader
		assets\shaders\common\Curve.Sample.shader = assets\shaders\common\Curve.Sample.shader
	EndProjectSection
EndProject
Project("{2150E333-8FDC-42A3-9474-1A3956D46DE8}") = "sky", "sky", "{CCC96DD0-7874-47FB-B22A-DD8DF85E8B96}"
	ProjectSection(SolutionItems) = preProject
		assets\textures\sky\star.jpg = assets\textures\sky\star.jpg
	EndProjectSection
EndProject
Project("{2150E333-8FDC-42A3-9474-1A3956D46DE8}") = "sunset", "sunset", "{E98F5BEC-3045-409A-A657-50D0B3C8431B}"
	ProjectSection(SolutionItems) = preProject
		assets\textures\sky\sunset\sunset_back.png = assets\textures\sky\sunset\sunset_back.png
		assets\textures\sky\sunset\sunset_bottom.png = assets\textures\sky\sunset\sunset_bottom.png
		assets\textures\sky\sunset\sunset_front.png = assets\textures\sky\sunset\sunset_front.png
		assets\textures\sky\sunset\sunset_left.png = assets\textures\sky\sunset\sunset_left.png
		assets\textures\sky\sunset\sunset_right.png = assets\textures\sky\sunset\sunset_right.png
		assets\textures\sky\sunset\sunset_top.png = assets\textures\sky\sunset\sunset_top.png
	EndProjectSection
EndProject
Project("{2150E333-8FDC-42A3-9474-1A3956D46DE8}") = "space", "space", "{78DD218F-DB4D-4B5D-AD2A-10E107447686}"
	ProjectSection(SolutionItems) = preProject
		assets\textures\sky\space\1.png = assets\textures\sky\space\1.png
		assets\textures\sky\space\2.png = assets\textures\sky\space\2.png
		assets\textures\sky\space\3.png = assets\textures\sky\space\3.png
		assets\textures\sky\space\4.png = assets\textures\sky\space\4.png
		assets\textures\sky\space\5.png = assets\textures\sky\space\5.png
		assets\textures\sky\space\6.png = assets\textures\sky\space\6.png
		assets\textures\sky\space\WTFPL.txt = assets\textures\sky\space\WTFPL.txt
	EndProjectSection
EndProject
Global
	GlobalSection(SolutionConfigurationPlatforms) = preSolution
		Debug|x64 = Debug|x64
		Debug|x86 = Debug|x86
		Release|x64 = Release|x64
		Release|x86 = Release|x86
	EndGlobalSection
	GlobalSection(ProjectConfigurationPlatforms) = postSolution
		{528360E9-DDC7-4440-89A9-9D1FD9726AC1}.Debug|x64.ActiveCfg = Debug|x64
		{528360E9-DDC7-4440-89A9-9D1FD9726AC1}.Debug|x64.Build.0 = Debug|x64
		{528360E9-DDC7-4440-89A9-9D1FD9726AC1}.Debug|x86.ActiveCfg = Debug|Win32
		{528360E9-DDC7-4440-89A9-9D1FD9726AC1}.Debug|x86.Build.0 = Debug|Win32
		{528360E9-DDC7-4440-89A9-9D1FD9726AC1}.Release|x64.ActiveCfg = Release|x64
		{528360E9-DDC7-4440-89A9-9D1FD9726AC1}.Release|x64.Build.0 = Release|x64
		{528360E9-DDC7-4440-89A9-9D1FD9726AC1}.Release|x86.ActiveCfg = Release|Win32
		{528360E9-DDC7-4440-89A9-9D1FD9726AC1}.Release|x86.Build.0 = Release|Win32
		{5CF20D36-BF92-40A3-8C41-EBD1C2B43B77}.Debug|x64.ActiveCfg = Debug|x64
		{5CF20D36-BF92-40A3-8C41-EBD1C2B43B77}.Debug|x64.Build.0 = Debug|x64
		{5CF20D36-BF92-40A3-8C41-EBD1C2B43B77}.Debug|x86.ActiveCfg = Debug|Win32
		{5CF20D36-BF92-40A3-8C41-EBD1C2B43B77}.Debug|x86.Build.0 = Debug|Win32
		{5CF20D36-BF92-40A3-8C41-EBD1C2B43B77}.Release|x64.ActiveCfg = Release|x64
		{5CF20D36-BF92-40A3-8C41-EBD1C2B43B77}.Release|x64.Build.0 = Release|x64
		{5CF20D36-BF92-40A3-8C41-EBD1C2B43B77}.Release|x86.ActiveCfg = Release|Win32
		{5CF20D36-BF92-40A3-8C41-EBD1C2B43B77}.Release|x86.Build.0 = Release|Win32
		{0068CB93-352F-485B-AEDC-1B09ADFD072A}.Debug|x64.ActiveCfg = Debug|x64
		{0068CB93-352F-485B-AEDC-1B09ADFD072A}.Debug|x64.Build.0 = Debug|x64
		{0068CB93-352F-485B-AEDC-1B09ADFD072A}.Debug|x86.ActiveCfg = Debug|Win32
		{0068CB93-352F-485B-AEDC-1B09ADFD072A}.Debug|x86.Build.0 = Debug|Win32
		{0068CB93-352F-485B-AEDC-1B09ADFD072A}.Release|x64.ActiveCfg = Release|x64
		{0068CB93-352F-485B-AEDC-1B09ADFD072A}.Release|x64.Build.0 = Release|x64
		{0068CB93-352F-485B-AEDC-1B09ADFD072A}.Release|x86.ActiveCfg = Release|Win32
		{0068CB93-352F-485B-AEDC-1B09ADFD072A}.Release|x86.Build.0 = Release|Win32
		{2ED057AA-1F88-4FBC-A133-7302253C5CEE}.Debug|x64.ActiveCfg = Debug|x64
		{2ED057AA-1F88-4FBC-A133-7302253C5CEE}.Debug|x64.Build.0 = Debug|x64
		{2ED057AA-1F88-4FBC-A133-7302253C5CEE}.Debug|x86.ActiveCfg = Debug|Win32
		{2ED057AA-1F88-4FBC-A133-7302253C5CEE}.Debug|x86.Build.0 = Debug|Win32
		{2ED057AA-1F88-4FBC-A133-7302253C5CEE}.Release|x64.ActiveCfg = Release|x64
		{2ED057AA-1F88-4FBC-A133-7302253C5CEE}.Release|x64.Build.0 = Release|x64
		{2ED057AA-1F88-4FBC-A133-7302253C5CEE}.Release|x86.ActiveCfg = Release|Win32
		{2ED057AA-1F88-4FBC-A133-7302253C5CEE}.Release|x86.Build.0 = Release|Win32
		{7FF92CCF-D8FB-43B4-B564-A9901C230F86}.Debug|x64.ActiveCfg = Debug|x64
		{7FF92CCF-D8FB-43B4-B564-A9901C230F86}.Debug|x64.Build.0 = Debug|x64
		{7FF92CCF-D8FB-43B4-B564-A9901C230F86}.Debug|x86.ActiveCfg = Debug|Win32
		{7FF92CCF-D8FB-43B4-B564-A9901C230F86}.Debug|x86.Build.0 = Debug|Win32
		{7FF92CCF-D8FB-43B4-B564-A9901C230F86}.Release|x64.ActiveCfg = Release|x64
		{7FF92CCF-D8FB-43B4-B564-A9901C230F86}.Release|x64.Build.0 = Release|x64
		{7FF92CCF-D8FB-43B4-B564-A9901C230F86}.Release|x86.ActiveCfg = Release|Win32
		{7FF92CCF-D8FB-43B4-B564-A9901C230F86}.Release|x86.Build.0 = Release|Win32
		{FD118371-D8EF-48E4-8AA7-93E48984EB34}.Debug|x64.ActiveCfg = Debug|x64
		{FD118371-D8EF-48E4-8AA7-93E48984EB34}.Debug|x64.Build.0 = Debug|x64
		{FD118371-D8EF-48E4-8AA7-93E48984EB34}.Debug|x86.ActiveCfg = Debug|Win32
		{FD118371-D8EF-48E4-8AA7-93E48984EB34}.Debug|x86.Build.0 = Debug|Win32
		{FD118371-D8EF-48E4-8AA7-93E48984EB34}.Release|x64.ActiveCfg = Release|x64
		{FD118371-D8EF-48E4-8AA7-93E48984EB34}.Release|x64.Build.0 = Release|x64
		{FD118371-D8EF-48E4-8AA7-93E48984EB34}.Release|x86.ActiveCfg = Release|Win32
		{FD118371-D8EF-48E4-8AA7-93E48984EB34}.Release|x86.Build.0 = Release|Win32
		{E6B44D15-0792-4593-8633-4CE6F9B5326D}.Debug|x64.ActiveCfg = Debug|x64
		{E6B44D15-0792-4593-8633-4CE6F9B5326D}.Debug|x64.Build.0 = Debug|x64
		{E6B44D15-0792-4593-8633-4CE6F9B5326D}.Debug|x86.ActiveCfg = Debug|Win32
		{E6B44D15-0792-4593-8633-4CE6F9B5326D}.Debug|x86.Build.0 = Debug|Win32
		{E6B44D15-0792-4593-8633-4CE6F9B5326D}.Release|x64.ActiveCfg = Release|x64
		{E6B44D15-0792-4593-8633-4CE6F9B5326D}.Release|x64.Build.0 = Release|x64
		{E6B44D15-0792-4593-8633-4CE6F9B5326D}.Release|x86.ActiveCfg = Release|Win32
		{E6B44D15-0792-4593-8633-4CE6F9B5326D}.Release|x86.Build.0 = Release|Win32
		{C10FB685-D440-4F7E-A96F-781D209FAA15}.Debug|x64.ActiveCfg = Debug|x64
		{C10FB685-D440-4F7E-A96F-781D209FAA15}.Debug|x64.Build.0 = Debug|x64
		{C10FB685-D440-4F7E-A96F-781D209FAA15}.Debug|x86.ActiveCfg = Debug|Win32
		{C10FB685-D440-4F7E-A96F-781D209FAA15}.Debug|x86.Build.0 = Debug|Win32
		{C10FB685-D440-4F7E-A96F-781D209FAA15}.Release|x64.ActiveCfg = Release|x64
		{C10FB685-D440-4F7E-A96F-781D209FAA15}.Release|x64.Build.0 = Release|x64
		{C10FB685-D440-4F7E-A96F-781D209FAA15}.Release|x86.ActiveCfg = Release|Win32
		{C10FB685-D440-4F7E-A96F-781D209FAA15}.Release|x86.Build.0 = Release|Win32
		{D05AD58C-413C-4072-970F-908D594E8D74}.Debug|x64.ActiveCfg = Debug|x64
		{D05AD58C-413C-4072-970F-908D594E8D74}.Debug|x64.Build.0 = Debug|x64
		{D05AD58C-413C-4072-970F-908D594E8D74}.Debug|x86.ActiveCfg = Debug|Win32
		{D05AD58C-413C-4072-970F-908D594E8D74}.Debug|x86.Build.0 = Debug|Win32
		{D05AD58C-413C-4072-970F-908D594E8D74}.Release|x64.ActiveCfg = Release|x64
		{D05AD58C-413C-4072-970F-908D594E8D74}.Release|x64.Build.0 = Release|x64
		{D05AD58C-413C-4072-970F-908D594E8D74}.Release|x86.ActiveCfg = Release|Win32
		{D05AD58C-413C-4072-970F-908D594E8D74}.Release|x86.Build.0 = Release|Win32
		{8EEC0911-6CCC-49DC-9FC0-F4D92308F884}.Debug|x64.ActiveCfg = Debug|x64
		{8EEC0911-6CCC-49DC-9FC0-F4D92308F884}.Debug|x64.Build.0 = Debug|x64
		{8EEC0911-6CCC-49DC-9FC0-F4D92308F884}.Debug|x86.ActiveCfg = Debug|Win32
		{8EEC0911-6CCC-49DC-9FC0-F4D92308F884}.Debug|x86.Build.0 = Debug|Win32
		{8EEC0911-6CCC-49DC-9FC0-F4D92308F884}.Release|x64.ActiveCfg = Release|x64
		{8EEC0911-6CCC-49DC-9FC0-F4D92308F884}.Release|x64.Build.0 = Release|x64
		{8EEC0911-6CCC-49DC-9FC0-F4D92308F884}.Release|x86.ActiveCfg = Release|Win32
		{8EEC0911-6CCC-49DC-9FC0-F4D92308F884}.Release|x86.Build.0 = Release|Win32
		{6A168705-BC27-4A58-B05E-68A67F7808EE}.Debug|x64.ActiveCfg = Debug|x64
		{6A168705-BC27-4A58-B05E-68A67F7808EE}.Debug|x64.Build.0 = Debug|x64
		{6A168705-BC27-4A58-B05E-68A67F7808EE}.Debug|x86.ActiveCfg = Debug|Win32
		{6A168705-BC27-4A58-B05E-68A67F7808EE}.Debug|x86.Build.0 = Debug|Win32
		{6A168705-BC27-4A58-B05E-68A67F7808EE}.Release|x64.ActiveCfg = Release|x64
		{6A168705-BC27-4A58-B05E-68A67F7808EE}.Release|x64.Build.0 = Release|x64
		{6A168705-BC27-4A58-B05E-68A67F7808EE}.Release|x86.ActiveCfg = Release|Win32
		{6A168705-BC27-4A58-B05E-68A67F7808EE}.Release|x86.Build.0 = Release|Win32
	EndGlobalSection
	GlobalSection(SolutionProperties) = preSolution
		HideSolutionNode = FALSE
	EndGlobalSection
	GlobalSection(NestedProjects) = preSolution
		{528360E9-DDC7-4440-89A9-9D1FD9726AC1} = {024646EB-32DE-41D9-9057-593E1999A5D9}
		{5CF20D36-BF92-40A3-8C41-EBD1C2B43B77} = {024646EB-32DE-41D9-9057-593E1999A5D9}
		{0068CB93-352F-485B-AEDC-1B09ADFD072A} = {024646EB-32DE-41D9-9057-593E1999A5D9}
		{2ED057AA-1F88-4FBC-A133-7302253C5CEE} = {024646EB-32DE-41D9-9057-593E1999A5D9}
		{7FF92CCF-D8FB-43B4-B564-A9901C230F86} = {024646EB-32DE-41D9-9057-593E1999A5D9}
		{FD118371-D8EF-48E4-8AA7-93E48984EB34} = {024646EB-32DE-41D9-9057-593E1999A5D9}
		{E6B44D15-0792-4593-8633-4CE6F9B5326D} = {024646EB-32DE-41D9-9057-593E1999A5D9}
		{C10FB685-D440-4F7E-A96F-781D209FAA15} = {024646EB-32DE-41D9-9057-593E1999A5D9}
		{D05AD58C-413C-4072-970F-908D594E8D74} = {F9D70DFB-1154-4022-B5E5-BC2A05CA83A0}
		{8EEC0911-6CCC-49DC-9FC0-F4D92308F884} = {F9D70DFB-1154-4022-B5E5-BC2A05CA83A0}
		{6A168705-BC27-4A58-B05E-68A67F7808EE} = {F9D70DFB-1154-4022-B5E5-BC2A05CA83A0}
		{143D10DC-072C-445D-B21E-F68218928707} = {DD2E8C15-3039-4A29-AFDD-3254464D0244}
		{4D22273C-B204-48A0-90AF-07076C5FCCED} = {DD2E8C15-3039-4A29-AFDD-3254464D0244}
		{52D70D9D-ACBD-46AF-8751-58059C59D3F7} = {DD2E8C15-3039-4A29-AFDD-3254464D0244}
		{040CD99F-AB54-45AB-937A-AB2ABF5509C9} = {DD2E8C15-3039-4A29-AFDD-3254464D0244}
		{C8354686-C4A5-4BB1-AB82-21A7F2D5CC4E} = {DD2E8C15-3039-4A29-AFDD-3254464D0244}
		{FA5371CD-8347-4A5D-90E8-E566528BFA18} = {DD2E8C15-3039-4A29-AFDD-3254464D0244}
		{4F9AF5E6-F1C0-40CB-8DC3-21EBE10EB008} = {DD2E8C15-3039-4A29-AFDD-3254464D0244}
		{02E2220B-C9CB-432D-8994-25DA0586F6C2} = {DD2E8C15-3039-4A29-AFDD-3254464D0244}
		{3D1A4D54-02A7-497E-B673-502B39202457} = {52D70D9D-ACBD-46AF-8751-58059C59D3F7}
		{DD4623B5-A0CE-42AA-81C2-0D9D789B035E} = {52D70D9D-ACBD-46AF-8751-58059C59D3F7}
		{E32CA4E1-67E6-465B-A943-A8E02FF03010} = {52D70D9D-ACBD-46AF-8751-58059C59D3F7}
		{5C2B7379-9CF7-4719-861C-85D63980000E} = {52D70D9D-ACBD-46AF-8751-58059C59D3F7}
		{5C4116E2-FE80-4082-8D1D-07291CB66781} = {52D70D9D-ACBD-46AF-8751-58059C59D3F7}
		{1A4C4899-5441-4D12-9510-95456FC115DC} = {52D70D9D-ACBD-46AF-8751-58059C59D3F7}
		{9A3AA4D5-6B48-4D22-AB12-8A5E01DF253F} = {4F9AF5E6-F1C0-40CB-8DC3-21EBE10EB008}
		{CCC96DD0-7874-47FB-B22A-DD8DF85E8B96} = {52D70D9D-ACBD-46AF-8751-58059C59D3F7}
		{E98F5BEC-3045-409A-A657-50D0B3C8431B} = {CCC96DD0-7874-47FB-B22A-DD8DF85E8B96}
		{78DD218F-DB4D-4B5D-AD2A-10E107447686} = {CCC96DD0-7874-47FB-B22A-DD8DF85E8B96}
	EndGlobalSection
	GlobalSection(ExtensibilityGlobals) = postSolution
		SolutionGuid = {1D3845FD-50CB-410F-95BC-888FC73F4340}
	EndGlobalSection
EndGlobal
