
Microsoft Visual Studio Solution File, Format Version 12.00
# Visual Studio 15
VisualStudioVersion = 15.0.28307.852
MinimumVisualStudioVersion = 10.0.40219.1
Project("{8BC9CEB8-8B4A-11D0-8D11-00A0C91BC942}") = "PC_Run", "PC_Run\PC_Run.vcxproj", "{3E4AE874-ADDB-4B82-9D99-5DD8B5A9C782}"
EndProject
Global
	GlobalSection(SolutionConfigurationPlatforms) = preSolution
		Debug|x64 = Debug|x64
		Debug|x86 = Debug|x86
		Release|x64 = Release|x64
		Release|x86 = Release|x86
	EndGlobalSection
	GlobalSection(ProjectConfigurationPlatforms) = postSolution
		{3E4AE874-ADDB-4B82-9D99-5DD8B5A9C782}.Debug|x64.ActiveCfg = Debug|x64
		{3E4AE874-ADDB-4B82-9D99-5DD8B5A9C782}.Debug|x64.Build.0 = Debug|x64
		{3E4AE874-ADDB-4B82-9D99-5DD8B5A9C782}.Debug|x86.ActiveCfg = Debug|Win32
		{3E4AE874-ADDB-4B82-9D99-5DD8B5A9C782}.Debug|x86.Build.0 = Debug|Win32
		{3E4AE874-ADDB-4B82-9D99-5DD8B5A9C782}.Release|x64.ActiveCfg = Release|x64
		{3E4AE874-ADDB-4B82-9D99-5DD8B5A9C782}.Release|x64.Build.0 = Release|x64
		{3E4AE874-ADDB-4B82-9D99-5DD8B5A9C782}.Release|x86.ActiveCfg = Release|Win32
		{3E4AE874-ADDB-4B82-9D99-5DD8B5A9C782}.Release|x86.Build.0 = Release|Win32
	EndGlobalSection
	GlobalSection(SolutionProperties) = preSolution
		HideSolutionNode = FALSE
	EndGlobalSection
	GlobalSection(ExtensibilityGlobals) = postSolution
		SolutionGuid = {6A00B996-6AE0-44AA-82B7-8E494CC3F275}
	EndGlobalSection
EndGlobal
