<?xml version="1.0" encoding="utf-8"?>
<Project ToolsVersion="4.0" xmlns="http://schemas.microsoft.com/developer/msbuild/2003">
  <ItemGroup>
    <ClCompile Include="..\..\..\src\ML\Launcher\WinMain.cpp">
      <Filter>Source Files</Filter>
    </ClCompile>
    <ClCompile Include="..\..\..\src\ML\Launcher\Main.cpp">
      <Filter>Source Files</Filter>
    </ClCompile>
  </ItemGroup>
  <ItemGroup>
    <None Include="..\..\..\assets\meshes\cow.mesh">
      <Filter>Resource Files\assets\meshes</Filter>
    </None>
    <None Include="..\..\..\assets\meshes\cube.mesh">
      <Filter>Resource Files\assets\meshes</Filter>
    </None>
    <None Include="..\..\..\assets\meshes\pumpkin.mesh">
      <Filter>Resource Files\assets\meshes</Filter>
    </None>
    <None Include="..\..\..\assets\meshes\sphere32x24.mesh">
      <Filter>Resource Files\assets\meshes</Filter>
    </None>
    <None Include="..\..\..\assets\meshes\sphere8x6.mesh">
      <Filter>Resource Files\assets\meshes</Filter>
    </None>
    <None Include="..\..\..\assets\meshes\teapot.mesh">
      <Filter>Resource Files\assets\meshes</Filter>
    </None>
    <None Include="..\..\..\assets\meshes\teddy.mesh">
      <Filter>Resource Files\assets\meshes</Filter>
    </None>
    <None Include="..\..\..\assets\scripts\core.meme">
      <Filter>Resource Files\assets\scripts</Filter>
    </None>
    <None Include="..\..\..\assets\scripts\fib.meme">
      <Filter>Resource Files\assets\scripts</Filter>
    </None>
    <None Include="..\..\..\assets\scripts\files.meme">
      <Filter>Resource Files\assets\scripts</Filter>
    </None>
    <None Include="..\..\..\assets\scripts\fizzbuzz.meme">
      <Filter>Resource Files\assets\scripts</Filter>
    </None>
    <None Include="..\..\..\assets\scripts\hello.meme">
      <Filter>Resource Files\assets\scripts</Filter>
    </None>
    <None Include="..\..\..\assets\scripts\loader.meme">
      <Filter>Resource Files\assets\scripts</Filter>
    </None>
    <None Include="..\..\..\assets\scripts\stub.meme">
      <Filter>Resource Files\assets\scripts</Filter>
    </None>
    <None Include="..\..\..\assets\scripts\test.meme">
      <Filter>Resource Files\assets\scripts</Filter>
    </None>
    <None Include="..\..\..\assets\scripts\tool.meme">
      <Filter>Resource Files\assets\scripts</Filter>
    </None>
    <None Include="..\..\..\assets\shaders\basic.shader">
      <Filter>Resource Files\assets\shaders</Filter>
    </None>
    <None Include="..\..\..\assets\shaders\example.shader">
      <Filter>Resource Files\assets\shaders</Filter>
    </None>
    <None Include="..\..\..\assets\shaders\surface.shader">
      <Filter>Resource Files\assets\shaders</Filter>
    </None>
    <None Include="..\..\..\assets\shaders\geometry.shader">
      <Filter>Resource Files\assets\shaders</Filter>
    </None>
    <None Include="..\..\..\assets\shaders\lighting.shader">
      <Filter>Resource Files\assets\shaders</Filter>
    </None>
    <None Include="..\..\..\assets\shaders\normal.shader">
      <Filter>Resource Files\assets\shaders</Filter>
    </None>
    <None Include="..\..\..\assets\shaders\skybox.shader">
      <Filter>Resource Files\assets\shaders</Filter>
    </None>
    <None Include="..\..\..\assets\shaders\solid.shader">
      <Filter>Resource Files\assets\shaders</Filter>
    </None>
    <None Include="..\..\..\assets\shaders\sprites.shader">
      <Filter>Resource Files\assets\shaders</Filter>
    </None>
    <None Include="..\..\..\assets\shaders\text.shader">
      <Filter>Resource Files\assets\shaders</Filter>
    </None>
    <None Include="..\..\..\assets\shaders\common\Frag.Draw.shader">
      <Filter>Resource Files\assets\shaders\common</Filter>
    </None>
    <None Include="..\..\..\assets\shaders\common\Frag.shader">
      <Filter>Resource Files\assets\shaders\common</Filter>
    </None>
    <None Include="..\..\..\assets\shaders\common\Geom.Curve.shader">
      <Filter>Resource Files\assets\shaders\common</Filter>
    </None>
    <None Include="..\..\..\assets\shaders\common\Vert.MVP.shader">
      <Filter>Resource Files\assets\shaders\common</Filter>
    </None>
    <None Include="..\..\..\assets\shaders\common\Vert.shader">
      <Filter>Resource Files\assets\shaders\common</Filter>
    </None>
    <None Include="..\..\..\ML.ini">
      <Filter>Resource Files</Filter>
    </None>
    <None Include="..\..\..\assets\shaders\fs\noobs_fs_0.shader">
      <Filter>Resource Files\assets\shaders\fs</Filter>
    </None>
    <None Include="..\..\..\assets\shaders\vs\noobs_vs_0.shader">
      <Filter>Resource Files\assets\shaders\vs</Filter>
    </None>
  </ItemGroup>
  <ItemGroup>
    <Filter Include="Resource Files">
      <UniqueIdentifier>{5886e932-7c47-446b-8fcb-2ccc66c6af70}</UniqueIdentifier>
    </Filter>
    <Filter Include="Source Files">
      <UniqueIdentifier>{01562ed4-e60f-40f0-8983-46b95d793a4a}</UniqueIdentifier>
    </Filter>
    <Filter Include="Resource Files\assets">
      <UniqueIdentifier>{3136e72b-75c4-4ab9-983c-208594feaf09}</UniqueIdentifier>
    </Filter>
    <Filter Include="Resource Files\assets\data">
      <UniqueIdentifier>{8b031d6e-0f6b-4512-a917-fce623c1c72c}</UniqueIdentifier>
    </Filter>
    <Filter Include="Resource Files\assets\fonts">
      <UniqueIdentifier>{08c50186-1555-4945-92c8-2a4033b5383d}</UniqueIdentifier>
    </Filter>
    <Filter Include="Resource Files\assets\images">
      <UniqueIdentifier>{27f89d2c-efda-4518-af86-9c5b809f028f}</UniqueIdentifier>
    </Filter>
    <Filter Include="Resource Files\assets\meshes">
      <UniqueIdentifier>{7e832e95-f840-4849-8cc7-2383ff11525f}</UniqueIdentifier>
    </Filter>
    <Filter Include="Resource Files\assets\scripts">
      <UniqueIdentifier>{a615895c-e69e-465e-89bb-91857050f37b}</UniqueIdentifier>
    </Filter>
    <Filter Include="Resource Files\assets\shaders">
      <UniqueIdentifier>{dd46ca66-fe85-4e70-9589-8be07fb9e9f0}</UniqueIdentifier>
    </Filter>
    <Filter Include="Resource Files\assets\shaders\common">
      <UniqueIdentifier>{7fb8a7ea-a2fe-46e9-9382-00ea74086aa5}</UniqueIdentifier>
    </Filter>
    <Filter Include="Resource Files\assets\styles">
      <UniqueIdentifier>{810dfbf3-7a55-4be6-8aae-7256df0d273b}</UniqueIdentifier>
    </Filter>
    <Filter Include="Resource Files\assets\textures">
      <UniqueIdentifier>{7ff689d3-58ca-4196-b213-8faa0b95d520}</UniqueIdentifier>
    </Filter>
    <Filter Include="Resource Files\assets\textures\earth">
      <UniqueIdentifier>{c88a720c-3a9a-4067-8a1b-2481b52a3dc0}</UniqueIdentifier>
    </Filter>
    <Filter Include="Resource Files\assets\textures\moon">
      <UniqueIdentifier>{94d17615-5116-4237-9542-1b180b54a4fb}</UniqueIdentifier>
    </Filter>
    <Filter Include="Resource Files\assets\textures\mars">
      <UniqueIdentifier>{21e730a9-96b0-4e88-aa05-89697a07d8ab}</UniqueIdentifier>
    </Filter>
    <Filter Include="Resource Files\assets\textures\bg">
      <UniqueIdentifier>{53ec33e9-d7e1-4841-a236-b1b1332f8b4c}</UniqueIdentifier>
    </Filter>
    <Filter Include="Resource Files\assets\textures\bg\sunset">
      <UniqueIdentifier>{dcd0bc86-fb15-4a27-bc63-2724ad97eef4}</UniqueIdentifier>
    </Filter>
    <Filter Include="Resource Files\assets\shaders\fs">
      <UniqueIdentifier>{555fac42-a59a-4a5c-9fd4-7d4f619ad609}</UniqueIdentifier>
    </Filter>
    <Filter Include="Resource Files\assets\shaders\vs">
      <UniqueIdentifier>{f60ea11b-0162-40eb-80ae-03f7a4ce2d03}</UniqueIdentifier>
    </Filter>
  </ItemGroup>
  <ItemGroup>
    <Text Include="..\..\..\assets\data\surfaces.txt">
      <Filter>Resource Files\assets\data</Filter>
    </Text>
    <Text Include="..\..\..\assets\data\entities.txt">
      <Filter>Resource Files\assets\data</Filter>
    </Text>
    <Text Include="..\..\..\assets\data\fonts.txt">
      <Filter>Resource Files\assets\data</Filter>
    </Text>
    <Text Include="..\..\..\assets\data\images.txt">
      <Filter>Resource Files\assets\data</Filter>
    </Text>
    <Text Include="..\..\..\assets\data\materials.txt">
      <Filter>Resource Files\assets\data</Filter>
    </Text>
    <Text Include="..\..\..\assets\data\meshes.txt">
      <Filter>Resource Files\assets\data</Filter>
    </Text>
    <Text Include="..\..\..\assets\data\models.txt">
      <Filter>Resource Files\assets\data</Filter>
    </Text>
    <Text Include="..\..\..\assets\data\scripts.txt">
      <Filter>Resource Files\assets\data</Filter>
    </Text>
    <Text Include="..\..\..\assets\data\shaders.txt">
      <Filter>Resource Files\assets\data</Filter>
    </Text>
    <Text Include="..\..\..\assets\data\sprites.txt">
      <Filter>Resource Files\assets\data</Filter>
    </Text>
    <Text Include="..\..\..\assets\data\textures.txt">
      <Filter>Resource Files\assets\data</Filter>
    </Text>
    <Text Include="..\..\..\assets\styles\style4.txt">
      <Filter>Resource Files\assets\styles</Filter>
    </Text>
    <Text Include="..\..\..\assets\data\plugins.txt">
      <Filter>Resource Files\assets\data</Filter>
    </Text>
    <Text Include="..\..\..\assets\data\manifest.txt">
      <Filter>Resource Files\assets\data</Filter>
    </Text>
  </ItemGroup>
  <ItemGroup>
    <Font Include="..\..\..\assets\fonts\clacon.ttf">
      <Filter>Resource Files\assets\fonts</Filter>
    </Font>
    <Font Include="..\..\..\assets\fonts\consolas.ttf">
      <Filter>Resource Files\assets\fonts</Filter>
    </Font>
    <Font Include="..\..\..\assets\fonts\lucida_console.ttf">
      <Filter>Resource Files\assets\fonts</Filter>
    </Font>
    <Font Include="..\..\..\assets\fonts\minecraft.ttf">
      <Filter>Resource Files\assets\fonts</Filter>
    </Font>
  </ItemGroup>
  <ItemGroup>
    <Image Include="..\..\..\assets\images\borg.png">
      <Filter>Resource Files\assets\images</Filter>
    </Image>
    <Image Include="..\..\..\assets\images\buck.png">
      <Filter>Resource Files\assets\images</Filter>
    </Image>
    <Image Include="..\..\..\assets\images\dean.png">
      <Filter>Resource Files\assets\images</Filter>
    </Image>
    <Image Include="..\..\..\assets\images\grass.png">
      <Filter>Resource Files\assets\images</Filter>
    </Image>
    <Image Include="..\..\..\assets\images\navball.png">
      <Filter>Resource Files\assets\images</Filter>
    </Image>
    <Image Include="..\..\..\assets\images\neutrino.png">
      <Filter>Resource Files\assets\images</Filter>
    </Image>
    <Image Include="..\..\..\assets\images\Sanic.png">
      <Filter>Resource Files\assets\images</Filter>
    </Image>
    <Image Include="..\..\..\assets\images\test_sky.png">
      <Filter>Resource Files\assets\images</Filter>
    </Image>
    <Image Include="..\..\..\assets\textures\earth\earth_cm.png">
      <Filter>Resource Files\assets\textures\earth</Filter>
    </Image>
    <Image Include="..\..\..\assets\textures\earth\earth_dm.png">
      <Filter>Resource Files\assets\textures\earth</Filter>
    </Image>
    <Image Include="..\..\..\assets\textures\earth\earth_hm.png">
      <Filter>Resource Files\assets\textures\earth</Filter>
    </Image>
    <Image Include="..\..\..\assets\textures\earth\earth_lm.png">
      <Filter>Resource Files\assets\textures\earth</Filter>
    </Image>
    <Image Include="..\..\..\assets\textures\earth\earth_nm.png">
      <Filter>Resource Files\assets\textures\earth</Filter>
    </Image>
    <Image Include="..\..\..\assets\textures\earth\earth_sm.png">
      <Filter>Resource Files\assets\textures\earth</Filter>
    </Image>
    <Image Include="..\..\..\assets\textures\moon\moon_dm.png">
      <Filter>Resource Files\assets\textures\moon</Filter>
    </Image>
    <Image Include="..\..\..\assets\textures\moon\moon_nm.png">
      <Filter>Resource Files\assets\textures\moon</Filter>
    </Image>
    <Image Include="..\..\..\assets\textures\mars\mars_dm.png">
      <Filter>Resource Files\assets\textures\mars</Filter>
    </Image>
    <Image Include="..\..\..\assets\textures\mars\mars_nm.png">
      <Filter>Resource Files\assets\textures\mars</Filter>
    </Image>
    <Image Include="..\..\..\assets\textures\bg\bg_clouds.png">
      <Filter>Resource Files\assets\textures\bg</Filter>
    </Image>
    <Image Include="..\..\..\assets\textures\bg\sky_clouds.png">
      <Filter>Resource Files\assets\textures\bg</Filter>
    </Image>
    <Image Include="..\..\..\assets\textures\bg\sky_water.png">
      <Filter>Resource Files\assets\textures\bg</Filter>
    </Image>
    <Image Include="..\..\..\assets\textures\bg\sunset\sunset_back.png">
      <Filter>Resource Files\assets\textures\bg\sunset</Filter>
    </Image>
    <Image Include="..\..\..\assets\textures\bg\sunset\sunset_down.png">
      <Filter>Resource Files\assets\textures\bg\sunset</Filter>
    </Image>
    <Image Include="..\..\..\assets\textures\bg\sunset\sunset_front.png">
      <Filter>Resource Files\assets\textures\bg\sunset</Filter>
    </Image>
    <Image Include="..\..\..\assets\textures\bg\sunset\sunset_left.png">
      <Filter>Resource Files\assets\textures\bg\sunset</Filter>
    </Image>
    <Image Include="..\..\..\assets\textures\bg\sunset\sunset_right.png">
      <Filter>Resource Files\assets\textures\bg\sunset</Filter>
    </Image>
    <Image Include="..\..\..\assets\textures\bg\sunset\sunset_up.png">
      <Filter>Resource Files\assets\textures\bg\sunset</Filter>
    </Image>
  </ItemGroup>
</Project>