<?xml version="1.0" encoding="utf-8"?>
<Project ToolsVersion="4.0" xmlns="http://schemas.microsoft.com/developer/msbuild/2003">
  <ItemGroup>
    <Filter Include="Source Files">
      <UniqueIdentifier>{4FC737F1-C7A5-4376-A066-2A32D752A2FF}</UniqueIdentifier>
      <Extensions>cpp;c;cc;cxx;def;odl;idl;hpj;bat;asm;asmx</Extensions>
    </Filter>
    <Filter Include="Header Files">
      <UniqueIdentifier>{93995380-89BD-4b04-88EB-625FBE52EBFB}</UniqueIdentifier>
      <Extensions>h;hh;hpp;hxx;hm;inl;inc;ipp;xsd</Extensions>
    </Filter>
    <Filter Include="Resource Files">
      <UniqueIdentifier>{67DA6AB6-F800-4c08-8B7A-83BB121AAD01}</UniqueIdentifier>
      <Extensions>rc;ico;cur;bmp;dlg;rc2;rct;bin;rgs;gif;jpg;jpeg;jpe;resx;tiff;tif;png;wav;mfcribbon-ms</Extensions>
    </Filter>
    <Filter Include="Header Files\Handles">
      <UniqueIdentifier>{4b3b65ee-1023-4e94-a490-d7303c96c330}</UniqueIdentifier>
    </Filter>
    <Filter Include="Source Files\Handles">
      <UniqueIdentifier>{ecea0ecb-d5cb-4c07-b91e-a068ee518d0b}</UniqueIdentifier>
    </Filter>
    <Filter Include="Source Files\Utility">
      <UniqueIdentifier>{1e81fddd-6f79-49f1-9cd5-bcacb34f6368}</UniqueIdentifier>
    </Filter>
    <Filter Include="Source Files\DS">
      <UniqueIdentifier>{a9fc7adb-d2d1-46cf-8b8c-80a4e333b12b}</UniqueIdentifier>
    </Filter>
    <Filter Include="Header Files\Utility">
      <UniqueIdentifier>{fa0c2aa1-e737-4e97-968b-8df63033906c}</UniqueIdentifier>
    </Filter>
    <Filter Include="Header Files\DS">
      <UniqueIdentifier>{f1d8200d-78e9-4f50-832b-67c37e7186b1}</UniqueIdentifier>
    </Filter>
    <Filter Include="Header Files\Drawables">
      <UniqueIdentifier>{f93d9792-0b73-4629-9818-1608f123286f}</UniqueIdentifier>
    </Filter>
    <Filter Include="Source Files\Drawables">
      <UniqueIdentifier>{3c739934-7c53-45dd-a0ef-27e53feeae3d}</UniqueIdentifier>
    </Filter>
  </ItemGroup>
  <ItemGroup>
    <ClInclude Include="..\..\..\include\ML\Graphics\Export.hpp">
      <Filter>Resource Files</Filter>
    </ClInclude>
    <ClInclude Include="..\..\..\include\ML\Graphics\Sprite.hpp">
      <Filter>Header Files\Drawables</Filter>
    </ClInclude>
    <ClInclude Include="..\..\..\include\ML\Graphics\Text.hpp">
      <Filter>Header Files\Drawables</Filter>
    </ClInclude>
    <ClInclude Include="..\..\..\include\ML\Graphics\Renderer.hpp">
      <Filter>Header Files\Drawables</Filter>
    </ClInclude>
    <ClInclude Include="..\..\..\include\ML\Graphics\Model.hpp">
      <Filter>Header Files\Drawables</Filter>
    </ClInclude>
    <ClInclude Include="..\..\..\include\ML\Graphics\Texture.hpp">
      <Filter>Header Files\Handles</Filter>
    </ClInclude>
    <ClInclude Include="..\..\..\include\ML\Graphics\Shader.hpp">
      <Filter>Header Files\Handles</Filter>
    </ClInclude>
    <ClInclude Include="..\..\..\include\ML\Graphics\BufferLayout.hpp">
      <Filter>Header Files\DS</Filter>
    </ClInclude>
    <ClInclude Include="..\..\..\include\ML\Graphics\Color.hpp">
      <Filter>Header Files\DS</Filter>
    </ClInclude>
    <ClInclude Include="..\..\..\include\ML\Graphics\Font.hpp">
      <Filter>Header Files\DS</Filter>
    </ClInclude>
    <ClInclude Include="..\..\..\include\ML\Graphics\Glyph.hpp">
      <Filter>Header Files\DS</Filter>
    </ClInclude>
    <ClInclude Include="..\..\..\include\ML\Graphics\Material.hpp">
      <Filter>Header Files\DS</Filter>
    </ClInclude>
    <ClInclude Include="..\..\..\include\ML\Graphics\Vertex.hpp">
      <Filter>Header Files\DS</Filter>
    </ClInclude>
    <ClInclude Include="..\..\..\include\ML\Graphics\ShaderParser.hpp">
      <Filter>Header Files\Utility</Filter>
    </ClInclude>
    <ClInclude Include="..\..\..\include\ML\Graphics\Surface.hpp">
      <Filter>Header Files\Drawables</Filter>
    </ClInclude>
    <ClInclude Include="..\..\..\include\ML\Graphics\RectTransform.hpp">
      <Filter>Header Files\DS</Filter>
    </ClInclude>
    <ClInclude Include="..\..\..\include\ML\Graphics\Geometry.hpp">
      <Filter>Header Files\Utility</Filter>
    </ClInclude>
    <ClInclude Include="..\..\..\include\ML\Graphics\Uniform.hpp">
      <Filter>Header Files\DS</Filter>
    </ClInclude>
    <ClInclude Include="..\..\..\include\ML\Graphics\GLM.hpp">
      <Filter>Header Files\Utility</Filter>
    </ClInclude>
    <ClInclude Include="..\..\..\include\ML\Graphics\Mesh.hpp">
      <Filter>Header Files\Drawables</Filter>
    </ClInclude>
    <ClInclude Include="..\..\..\include\ML\Graphics\Image.hpp">
      <Filter>Header Files\DS</Filter>
    </ClInclude>
    <ClInclude Include="..\..\..\include\ML\Graphics\GL.hpp">
      <Filter>Header Files\Utility</Filter>
    </ClInclude>
    <ClInclude Include="..\..\..\include\ML\Graphics\Transform.hpp">
      <Filter>Header Files\DS</Filter>
    </ClInclude>
    <ClInclude Include="..\..\..\include\ML\Graphics\Camera.hpp">
      <Filter>Header Files\DS</Filter>
    </ClInclude>
    <ClInclude Include="..\..\..\include\ML\Graphics\Light.hpp">
      <Filter>Header Files\DS</Filter>
    </ClInclude>
    <ClInclude Include="..\..\..\include\ML\Graphics\Scene.hpp">
      <Filter>Header Files\Drawables</Filter>
    </ClInclude>
    <ClInclude Include="..\..\..\include\ML\Graphics\OpenGL.hpp">
      <Filter>Header Files\Utility</Filter>
    </ClInclude>
    <ClInclude Include="..\..\..\include\ML\Graphics\GraphicsEvents.hpp">
      <Filter>Header Files\Utility</Filter>
    </ClInclude>
    <ClInclude Include="..\..\..\include\ML\Graphics\RenderWindow.hpp">
      <Filter>Header Files\Utility</Filter>
    </ClInclude>
    <ClInclude Include="..\..\..\include\ML\Graphics\RenderBatch.hpp">
      <Filter>Header Files\Utility</Filter>
    </ClInclude>
    <ClInclude Include="..\..\..\include\ML\Graphics\RenderStates.hpp">
      <Filter>Header Files\Utility</Filter>
    </ClInclude>
    <ClInclude Include="..\..\..\include\ML\Graphics\RenderTarget.hpp">
      <Filter>Header Files\Utility</Filter>
    </ClInclude>
    <ClInclude Include="..\..\..\include\ML\Graphics\FrameBuffer.hpp">
      <Filter>Header Files\Handles</Filter>
    </ClInclude>
    <ClInclude Include="..\..\..\include\ML\Graphics\IndexBuffer.hpp">
      <Filter>Header Files\Handles</Filter>
    </ClInclude>
    <ClInclude Include="..\..\..\include\ML\Graphics\RenderBuffer.hpp">
      <Filter>Header Files\Handles</Filter>
    </ClInclude>
    <ClInclude Include="..\..\..\include\ML\Graphics\VertexArray.hpp">
      <Filter>Header Files\Handles</Filter>
    </ClInclude>
    <ClInclude Include="..\..\..\include\ML\Graphics\VertexBuffer.hpp">
      <Filter>Header Files\Handles</Filter>
    </ClInclude>
    <ClInclude Include="..\..\..\include\ML\Graphics\Drawable.hpp">
      <Filter>Header Files\Drawables</Filter>
    </ClInclude>
  </ItemGroup>
  <ItemGroup>
    <ClCompile Include="..\..\..\src\ML\Graphics\Shader.cpp">
      <Filter>Source Files\Handles</Filter>
    </ClCompile>
    <ClCompile Include="..\..\..\src\ML\Graphics\Texture.cpp">
      <Filter>Source Files\Handles</Filter>
    </ClCompile>
    <ClCompile Include="..\..\..\src\ML\Graphics\Text.cpp">
      <Filter>Source Files\Drawables</Filter>
    </ClCompile>
    <ClCompile Include="..\..\..\src\ML\Graphics\Sprite.cpp">
      <Filter>Source Files\Drawables</Filter>
    </ClCompile>
    <ClCompile Include="..\..\..\src\ML\Graphics\Renderer.cpp">
      <Filter>Source Files\Drawables</Filter>
    </ClCompile>
    <ClCompile Include="..\..\..\src\ML\Graphics\Model.cpp">
      <Filter>Source Files\Drawables</Filter>
    </ClCompile>
    <ClCompile Include="..\..\..\src\ML\Graphics\BufferLayout.cpp">
      <Filter>Source Files\DS</Filter>
    </ClCompile>
    <ClCompile Include="..\..\..\src\ML\Graphics\Material.cpp">
      <Filter>Source Files\DS</Filter>
    </ClCompile>
    <ClCompile Include="..\..\..\src\ML\Graphics\Font.cpp">
      <Filter>Source Files\DS</Filter>
    </ClCompile>
    <ClCompile Include="..\..\..\src\ML\Graphics\ShaderParser.cpp">
      <Filter>Source Files\Utility</Filter>
    </ClCompile>
    <ClCompile Include="..\..\..\src\ML\Graphics\Surface.cpp">
      <Filter>Source Files\Drawables</Filter>
    </ClCompile>
    <ClCompile Include="..\..\..\src\ML\Graphics\RectTransform.cpp">
      <Filter>Source Files\DS</Filter>
    </ClCompile>
    <ClCompile Include="..\..\..\src\ML\Graphics\Mesh.cpp">
      <Filter>Source Files\Drawables</Filter>
    </ClCompile>
    <ClCompile Include="..\..\..\src\ML\Graphics\Image.cpp">
      <Filter>Source Files\DS</Filter>
    </ClCompile>
    <ClCompile Include="..\..\..\src\ML\Graphics\Transform.cpp">
      <Filter>Source Files\DS</Filter>
    </ClCompile>
    <ClCompile Include="..\..\..\src\ML\Graphics\Camera.cpp">
      <Filter>Source Files\DS</Filter>
    </ClCompile>
    <ClCompile Include="..\..\..\src\ML\Graphics\Light.cpp">
      <Filter>Source Files\DS</Filter>
    </ClCompile>
    <ClCompile Include="..\..\..\src\ML\Graphics\Scene.cpp">
      <Filter>Source Files\Drawables</Filter>
    </ClCompile>
    <ClCompile Include="..\..\..\src\ML\Graphics\OpenGL.cpp">
      <Filter>Source Files\Utility</Filter>
    </ClCompile>
    <ClCompile Include="..\..\..\src\ML\Graphics\RenderStates.cpp">
      <Filter>Source Files\Utility</Filter>
    </ClCompile>
    <ClCompile Include="..\..\..\src\ML\Graphics\RenderTarget.cpp">
      <Filter>Source Files\Utility</Filter>
    </ClCompile>
    <ClCompile Include="..\..\..\src\ML\Graphics\RenderWindow.cpp">
      <Filter>Source Files\Utility</Filter>
    </ClCompile>
    <ClCompile Include="..\..\..\src\ML\Graphics\FrameBuffer.cpp">
      <Filter>Source Files\Handles</Filter>
    </ClCompile>
    <ClCompile Include="..\..\..\src\ML\Graphics\IndexBuffer.cpp">
      <Filter>Source Files\Handles</Filter>
    </ClCompile>
    <ClCompile Include="..\..\..\src\ML\Graphics\RenderBuffer.cpp">
      <Filter>Source Files\Handles</Filter>
    </ClCompile>
    <ClCompile Include="..\..\..\src\ML\Graphics\VertexArray.cpp">
      <Filter>Source Files\Handles</Filter>
    </ClCompile>
    <ClCompile Include="..\..\..\src\ML\Graphics\VertexBuffer.cpp">
      <Filter>Source Files\Handles</Filter>
    </ClCompile>
  </ItemGroup>
  <ItemGroup>
    <None Include="..\..\..\include\ML\Graphics\GL.inl">
      <Filter>Header Files\Utility</Filter>
    </None>
  </ItemGroup>
</Project>