<?xml version="1.0" encoding="utf-8"?>
<Project ToolsVersion="4.0" xmlns="http://schemas.microsoft.com/developer/msbuild/2003">
  <ItemGroup>
    <Filter Include="Source Files">
      <UniqueIdentifier>{4FC737F1-C7A5-4376-A066-2A32D752A2FF}</UniqueIdentifier>
      <Extensions>cpp;c;cc;cxx;def;odl;idl;hpj;bat;asm;asmx</Extensions>
    </Filter>
    <Filter Include="Header Files">
      <UniqueIdentifier>{93995380-89BD-4b04-88EB-625FBE52EBFB}</UniqueIdentifier>
      <Extensions>h;hh;hpp;hxx;hm;inl;inc;ipp;xsd</Extensions>
    </Filter>
    <Filter Include="Resource Files">
      <UniqueIdentifier>{67DA6AB6-F800-4c08-8B7A-83BB121AAD01}</UniqueIdentifier>
      <Extensions>rc;ico;cur;bmp;dlg;rc2;rct;bin;rgs;gif;jpg;jpeg;jpe;resx;tiff;tif;png;wav;mfcribbon-ms</Extensions>
    </Filter>
    <Filter Include="Resource Files\ImGui">
      <UniqueIdentifier>{eddf1b4f-e124-4bb2-b126-b4c91d26b255}</UniqueIdentifier>
    </Filter>
    <Filter Include="Resource Files\ImGui\include">
      <UniqueIdentifier>{c33fb150-2930-4155-bba6-46a363e1eddb}</UniqueIdentifier>
    </Filter>
    <Filter Include="Resource Files\ImGui\src">
      <UniqueIdentifier>{22d4a406-fd3b-42db-b0ad-e16ef7cc5d35}</UniqueIdentifier>
    </Filter>
    <Filter Include="Header Files\Widgets">
      <UniqueIdentifier>{479ff0b2-aa13-4cc3-ae27-3794523dc929}</UniqueIdentifier>
    </Filter>
    <Filter Include="Source Files\Widgets">
      <UniqueIdentifier>{26a5df71-1c52-4796-bf5f-8e3c4e481a78}</UniqueIdentifier>
    </Filter>
    <Filter Include="Header Files\Internal">
      <UniqueIdentifier>{cb586e66-765d-4d5c-a64b-3a64ffae56ca}</UniqueIdentifier>
    </Filter>
    <Filter Include="Source Files\Internal">
      <UniqueIdentifier>{1e58aba0-6a4e-423b-bc3d-8f5b85c9c4c3}</UniqueIdentifier>
    </Filter>
    <Filter Include="Header Files\DS">
      <UniqueIdentifier>{84d73dab-2095-4403-83a3-6f04dc67a486}</UniqueIdentifier>
    </Filter>
    <Filter Include="Source Files\DS">
      <UniqueIdentifier>{4fd898c9-ba30-438d-b0de-d799f9606853}</UniqueIdentifier>
    </Filter>
    <Filter Include="Header Files\Utility">
      <UniqueIdentifier>{8f3fe754-f14f-4d05-bb34-2c6378c8ba6f}</UniqueIdentifier>
    </Filter>
    <Filter Include="Source Files\Utility">
      <UniqueIdentifier>{1c94eeaa-dd80-42c0-9400-f76905d7449c}</UniqueIdentifier>
    </Filter>
  </ItemGroup>
  <ItemGroup>
    <ClInclude Include="..\..\..\include\ML\Editor\Export.hpp">
      <Filter>Resource Files</Filter>
    </ClInclude>
    <ClInclude Include="..\..\..\thirdparty\include\imgui\imconfig.h">
      <Filter>Resource Files\ImGui\include</Filter>
    </ClInclude>
    <ClInclude Include="..\..\..\thirdparty\include\imgui\imgui.h">
      <Filter>Resource Files\ImGui\include</Filter>
    </ClInclude>
    <ClInclude Include="..\..\..\thirdparty\include\imgui\imstb_truetype.h">
      <Filter>Resource Files\ImGui\include</Filter>
    </ClInclude>
    <ClInclude Include="..\..\..\thirdparty\include\imgui\imstb_textedit.h">
      <Filter>Resource Files\ImGui\include</Filter>
    </ClInclude>
    <ClInclude Include="..\..\..\thirdparty\include\imgui\imstb_rectpack.h">
      <Filter>Resource Files\ImGui\include</Filter>
    </ClInclude>
    <ClInclude Include="..\..\..\thirdparty\include\imgui\imgui_internal.h">
      <Filter>Resource Files\ImGui\include</Filter>
    </ClInclude>
    <ClInclude Include="..\..\..\thirdparty\include\imgui\imgui_impl_ml.hpp">
      <Filter>Resource Files\ImGui\include</Filter>
    </ClInclude>
    <ClInclude Include="..\..\..\include\ML\Editor\Browser.hpp">
      <Filter>Header Files\Widgets</Filter>
    </ClInclude>
    <ClInclude Include="..\..\..\include\ML\Editor\Builder.hpp">
      <Filter>Header Files\Widgets</Filter>
    </ClInclude>
    <ClInclude Include="..\..\..\include\ML\Editor\Dockspace.hpp">
      <Filter>Header Files\Widgets</Filter>
    </ClInclude>
    <ClInclude Include="..\..\..\include\ML\Editor\Inspector.hpp">
      <Filter>Header Files\Widgets</Filter>
    </ClInclude>
    <ClInclude Include="..\..\..\include\ML\Editor\MainMenuBar.hpp">
      <Filter>Header Files\Widgets</Filter>
    </ClInclude>
    <ClInclude Include="..\..\..\include\ML\Editor\NetworkHUD.hpp">
      <Filter>Header Files\Widgets</Filter>
    </ClInclude>
    <ClInclude Include="..\..\..\include\ML\Editor\Profiler.hpp">
      <Filter>Header Files\Widgets</Filter>
    </ClInclude>
    <ClInclude Include="..\..\..\include\ML\Editor\ResourceView.hpp">
      <Filter>Header Files\Widgets</Filter>
    </ClInclude>
    <ClInclude Include="..\..\..\include\ML\Editor\SceneView.hpp">
      <Filter>Header Files\Widgets</Filter>
    </ClInclude>
    <ClInclude Include="..\..\..\include\ML\Editor\TextEditor.hpp">
      <Filter>Header Files\Widgets</Filter>
    </ClInclude>
    <ClInclude Include="..\..\..\include\ML\Editor\Terminal.hpp">
      <Filter>Header Files\Widgets</Filter>
    </ClInclude>
    <ClInclude Include="..\..\..\include\ML\Editor\GUI.hpp">
      <Filter>Header Files\Internal</Filter>
    </ClInclude>
    <ClInclude Include="..\..\..\include\ML\Editor\ImGui.hpp">
      <Filter>Header Files\Internal</Filter>
    </ClInclude>
    <ClInclude Include="..\..\..\include\ML\Editor\ImGui_Builtin.hpp">
      <Filter>Header Files\Internal</Filter>
    </ClInclude>
    <ClInclude Include="..\..\..\include\ML\Editor\ImGui_Helper.hpp">
      <Filter>Header Files\Internal</Filter>
    </ClInclude>
    <ClInclude Include="..\..\..\include\ML\Editor\ImGui_Style.hpp">
      <Filter>Header Files\Internal</Filter>
    </ClInclude>
    <ClInclude Include="..\..\..\include\ML\Editor\Document.hpp">
      <Filter>Header Files\DS</Filter>
    </ClInclude>
    <ClInclude Include="..\..\..\include\ML\Editor\EditorEvents.hpp">
      <Filter>Header Files\Utility</Filter>
    </ClInclude>
    <ClInclude Include="..\..\..\include\ML\Editor\Editor.hpp">
      <Filter>Header Files\Utility</Filter>
    </ClInclude>
    <ClInclude Include="..\..\..\include\ML\Editor\EditorApplication.hpp">
      <Filter>Header Files\Utility</Filter>
    </ClInclude>
    <ClInclude Include="..\..\..\include\ML\Editor\StyleLoader.hpp">
      <Filter>Header Files\Internal</Filter>
    </ClInclude>
    <ClInclude Include="..\..\..\include\ML\Editor\BaseWidget.hpp">
      <Filter>Header Files\Widgets</Filter>
    </ClInclude>
  </ItemGroup>
  <ItemGroup>
    <ClCompile Include="..\..\..\thirdparty\include\imgui\imgui_impl_ml.cpp">
      <Filter>Resource Files\ImGui\src</Filter>
    </ClCompile>
    <ClCompile Include="..\..\..\thirdparty\include\imgui\imgui_widgets.cpp">
      <Filter>Resource Files\ImGui\src</Filter>
    </ClCompile>
    <ClCompile Include="..\..\..\thirdparty\include\imgui\imgui.cpp">
      <Filter>Resource Files\ImGui\src</Filter>
    </ClCompile>
    <ClCompile Include="..\..\..\thirdparty\include\imgui\imgui_demo.cpp">
      <Filter>Resource Files\ImGui\src</Filter>
    </ClCompile>
    <ClCompile Include="..\..\..\thirdparty\include\imgui\imgui_draw.cpp">
      <Filter>Resource Files\ImGui\src</Filter>
    </ClCompile>
    <ClCompile Include="..\..\..\src\ML\Editor\Browser.cpp">
      <Filter>Source Files\Widgets</Filter>
    </ClCompile>
    <ClCompile Include="..\..\..\src\ML\Editor\TextEditor.cpp">
      <Filter>Source Files\Widgets</Filter>
    </ClCompile>
    <ClCompile Include="..\..\..\src\ML\Editor\Terminal.cpp">
      <Filter>Source Files\Widgets</Filter>
    </ClCompile>
    <ClCompile Include="..\..\..\src\ML\Editor\SceneView.cpp">
      <Filter>Source Files\Widgets</Filter>
    </ClCompile>
    <ClCompile Include="..\..\..\src\ML\Editor\ResourceView.cpp">
      <Filter>Source Files\Widgets</Filter>
    </ClCompile>
    <ClCompile Include="..\..\..\src\ML\Editor\Profiler.cpp">
      <Filter>Source Files\Widgets</Filter>
    </ClCompile>
    <ClCompile Include="..\..\..\src\ML\Editor\NetworkHUD.cpp">
      <Filter>Source Files\Widgets</Filter>
    </ClCompile>
    <ClCompile Include="..\..\..\src\ML\Editor\MainMenuBar.cpp">
      <Filter>Source Files\Widgets</Filter>
    </ClCompile>
    <ClCompile Include="..\..\..\src\ML\Editor\Inspector.cpp">
      <Filter>Source Files\Widgets</Filter>
    </ClCompile>
    <ClCompile Include="..\..\..\src\ML\Editor\Dockspace.cpp">
      <Filter>Source Files\Widgets</Filter>
    </ClCompile>
    <ClCompile Include="..\..\..\src\ML\Editor\Builder.cpp">
      <Filter>Source Files\Widgets</Filter>
    </ClCompile>
    <ClCompile Include="..\..\..\src\ML\Editor\StyleLoader.cpp">
      <Filter>Source Files\Internal</Filter>
    </ClCompile>
    <ClCompile Include="..\..\..\src\ML\Editor\GUI.cpp">
      <Filter>Source Files\Internal</Filter>
    </ClCompile>
    <ClCompile Include="..\..\..\src\ML\Editor\ImGui_Builtin.cpp">
      <Filter>Source Files\Internal</Filter>
    </ClCompile>
    <ClCompile Include="..\..\..\src\ML\Editor\Document.cpp">
      <Filter>Source Files\DS</Filter>
    </ClCompile>
    <ClCompile Include="..\..\..\src\ML\Editor\Editor.cpp">
      <Filter>Source Files\Utility</Filter>
    </ClCompile>
    <ClCompile Include="..\..\..\src\ML\Editor\EditorApplication.cpp">
      <Filter>Source Files\Utility</Filter>
    </ClCompile>
    <ClCompile Include="..\..\..\src\ML\Editor\BaseWidget.cpp">
      <Filter>Source Files\Widgets</Filter>
    </ClCompile>
  </ItemGroup>
  <ItemGroup>
    <Text Include="..\..\..\thirdparty\include\imgui\LICENSE.txt">
      <Filter>Resource Files\ImGui</Filter>
    </Text>
  </ItemGroup>
</Project>