<?xml version="1.0" encoding="utf-8"?>
<Project ToolsVersion="4.0" xmlns="http://schemas.microsoft.com/developer/msbuild/2003">
  <ItemGroup>
    <Filter Include="Source Files">
      <UniqueIdentifier>{4FC737F1-C7A5-4376-A066-2A32D752A2FF}</UniqueIdentifier>
      <Extensions>cpp;c;cc;cxx;def;odl;idl;hpj;bat;asm;asmx</Extensions>
    </Filter>
    <Filter Include="Header Files">
      <UniqueIdentifier>{93995380-89BD-4b04-88EB-625FBE52EBFB}</UniqueIdentifier>
      <Extensions>h;hh;hpp;hxx;hm;inl;inc;ipp;xsd</Extensions>
    </Filter>
    <Filter Include="Resource Files">
      <UniqueIdentifier>{67DA6AB6-F800-4c08-8B7A-83BB121AAD01}</UniqueIdentifier>
      <Extensions>rc;ico;cur;bmp;dlg;rc2;rct;bin;rgs;gif;jpg;jpeg;jpe;resx;tiff;tif;png;wav;mfcribbon-ms</Extensions>
    </Filter>
    <Filter Include="Resource Files\ImGui">
      <UniqueIdentifier>{eddf1b4f-e124-4bb2-b126-b4c91d26b255}</UniqueIdentifier>
    </Filter>
    <Filter Include="Resource Files\ImGui\Addons">
      <UniqueIdentifier>{22d4a406-fd3b-42db-b0ad-e16ef7cc5d35}</UniqueIdentifier>
    </Filter>
    <Filter Include="Resource Files\ImGui\Addons\ImGuiColorTextEdit">
      <UniqueIdentifier>{e8d5ddd5-10f2-4ad2-9f57-59157fe16f1c}</UniqueIdentifier>
    </Filter>
    <Filter Include="Header Files\Utility">
      <UniqueIdentifier>{917c161a-16fc-46ba-91d3-eca2efb4733b}</UniqueIdentifier>
    </Filter>
    <Filter Include="Source Files\Utility">
      <UniqueIdentifier>{ef73e409-5b19-40f5-87a3-8a1d765735fd}</UniqueIdentifier>
    </Filter>
    <Filter Include="Header Files\Widgets">
      <UniqueIdentifier>{b2f239fb-96e8-428d-a993-c86203592354}</UniqueIdentifier>
    </Filter>
    <Filter Include="Source Files\Widgets">
      <UniqueIdentifier>{58231a78-19d4-450f-861f-bec954f84847}</UniqueIdentifier>
    </Filter>
    <Filter Include="Resource Files\ImGui\Addons\ImGuizmo">
      <UniqueIdentifier>{81610a78-fb7c-4620-ac03-2ef21e407b6e}</UniqueIdentifier>
    </Filter>
    <Filter Include="Header Files\Editor">
      <UniqueIdentifier>{479ff0b2-aa13-4cc3-ae27-3794523dc929}</UniqueIdentifier>
    </Filter>
    <Filter Include="Source Files\Editor">
      <UniqueIdentifier>{26a5df71-1c52-4796-bf5f-8e3c4e481a78}</UniqueIdentifier>
    </Filter>
  </ItemGroup>
  <ItemGroup>
    <ClInclude Include="..\..\..\include\ML\Editor\EditorExplorer.hpp">
      <Filter>Header Files\Editor</Filter>
    </ClInclude>
    <ClInclude Include="..\..\..\include\ML\Editor\EditorProfiler.hpp">
      <Filter>Header Files\Editor</Filter>
    </ClInclude>
    <ClInclude Include="..\..\..\include\ML\Editor\EditorContent.hpp">
      <Filter>Header Files\Editor</Filter>
    </ClInclude>
    <ClInclude Include="..\..\..\include\ML\Editor\EditorTerminal.hpp">
      <Filter>Header Files\Editor</Filter>
    </ClInclude>
    <ClInclude Include="..\..\..\include\ML\Editor\EditorDockspace.hpp">
      <Filter>Header Files\Editor</Filter>
    </ClInclude>
    <ClInclude Include="..\..\..\thirdparty\include\imgui\imconfig.h">
      <Filter>Resource Files\ImGui</Filter>
    </ClInclude>
    <ClInclude Include="..\..\..\thirdparty\include\imgui\imgui.h">
      <Filter>Resource Files\ImGui</Filter>
    </ClInclude>
    <ClInclude Include="..\..\..\thirdparty\include\imgui\imgui_internal.h">
      <Filter>Resource Files\ImGui</Filter>
    </ClInclude>
    <ClInclude Include="..\..\..\thirdparty\include\imgui\imstb_rectpack.h">
      <Filter>Resource Files\ImGui</Filter>
    </ClInclude>
    <ClInclude Include="..\..\..\thirdparty\include\imgui\imstb_textedit.h">
      <Filter>Resource Files\ImGui</Filter>
    </ClInclude>
    <ClInclude Include="..\..\..\thirdparty\include\imgui\imstb_truetype.h">
      <Filter>Resource Files\ImGui</Filter>
    </ClInclude>
    <ClInclude Include="..\..\..\thirdparty\include\imgui\addons\ImGuiColorTextEdit\TextEditor.h">
      <Filter>Resource Files\ImGui\Addons\ImGuiColorTextEdit</Filter>
    </ClInclude>
    <ClInclude Include="..\..\..\include\ML\Editor\EditorEvents.hpp">
      <Filter>Header Files\Utility</Filter>
    </ClInclude>
    <ClInclude Include="..\..\..\include\ML\Editor\ImGui.hpp">
      <Filter>Header Files\Utility</Filter>
    </ClInclude>
    <ClInclude Include="..\..\..\include\ML\Editor\ImGuiImpl.hpp">
      <Filter>Header Files\Utility</Filter>
    </ClInclude>
    <ClInclude Include="..\..\..\include\ML\Editor\ImGuiStyleLoader.hpp">
      <Filter>Header Files\Utility</Filter>
    </ClInclude>
    <ClInclude Include="..\..\..\include\ML\Editor\Export.hpp">
      <Filter>Resource Files</Filter>
    </ClInclude>
    <ClInclude Include="..\..\..\include\ML\Editor\FileBrowser.hpp">
      <Filter>Header Files\Widgets</Filter>
    </ClInclude>
    <ClInclude Include="..\..\..\include\ML\Editor\PropertyDrawer.hpp">
      <Filter>Header Files\Widgets</Filter>
    </ClInclude>
    <ClInclude Include="..\..\..\include\ML\Editor\ImGuiExt.hpp">
      <Filter>Header Files\Widgets</Filter>
    </ClInclude>
    <ClInclude Include="..\..\..\include\ML\Editor\JsonEditor.hpp">
      <Filter>Header Files\Widgets</Filter>
    </ClInclude>
    <ClInclude Include="..\..\..\include\ML\Editor\EditorInspector.hpp">
      <Filter>Header Files\Editor</Filter>
    </ClInclude>
    <ClInclude Include="..\..\..\thirdparty\include\imgui\addons\ImGuizmo\ImGuizmo.h">
      <Filter>Resource Files\ImGui\Addons\ImGuizmo</Filter>
    </ClInclude>
    <ClInclude Include="..\..\..\include\ML\Editor\EditorWindow.hpp">
      <Filter>Header Files\Editor</Filter>
    </ClInclude>
    <ClInclude Include="..\..\..\include\ML\Editor\EditorAbout.hpp">
      <Filter>Header Files\Editor</Filter>
    </ClInclude>
    <ClInclude Include="..\..\..\include\ML\Editor\EditorManual.hpp">
      <Filter>Header Files\Editor</Filter>
    </ClInclude>
    <ClInclude Include="..\..\..\include\ML\Editor\Editor.hpp">
      <Filter>Header Files\Editor</Filter>
    </ClInclude>
  </ItemGroup>
  <ItemGroup>
    <ClCompile Include="..\..\..\src\ML\Editor\EditorContent.cpp">
      <Filter>Source Files\Editor</Filter>
    </ClCompile>
    <ClCompile Include="..\..\..\src\ML\Editor\EditorDockspace.cpp">
      <Filter>Source Files\Editor</Filter>
    </ClCompile>
    <ClCompile Include="..\..\..\src\ML\Editor\EditorExplorer.cpp">
      <Filter>Source Files\Editor</Filter>
    </ClCompile>
    <ClCompile Include="..\..\..\src\ML\Editor\EditorProfiler.cpp">
      <Filter>Source Files\Editor</Filter>
    </ClCompile>
    <ClCompile Include="..\..\..\src\ML\Editor\EditorTerminal.cpp">
      <Filter>Source Files\Editor</Filter>
    </ClCompile>
    <ClCompile Include="..\..\..\thirdparty\include\imgui\imgui.cpp">
      <Filter>Resource Files\ImGui</Filter>
    </ClCompile>
    <ClCompile Include="..\..\..\thirdparty\include\imgui\imgui_demo.cpp">
      <Filter>Resource Files\ImGui</Filter>
    </ClCompile>
    <ClCompile Include="..\..\..\thirdparty\include\imgui\imgui_draw.cpp">
      <Filter>Resource Files\ImGui</Filter>
    </ClCompile>
    <ClCompile Include="..\..\..\thirdparty\include\imgui\imgui_widgets.cpp">
      <Filter>Resource Files\ImGui</Filter>
    </ClCompile>
    <ClCompile Include="..\..\..\thirdparty\include\imgui\addons\ImGuiColorTextEdit\TextEditor.cpp">
      <Filter>Resource Files\ImGui\Addons\ImGuiColorTextEdit</Filter>
    </ClCompile>
    <ClCompile Include="..\..\..\src\ML\Editor\ImGuiImpl.cpp">
      <Filter>Source Files\Utility</Filter>
    </ClCompile>
    <ClCompile Include="..\..\..\src\ML\Editor\ImGuiStyleLoader.cpp">
      <Filter>Source Files\Utility</Filter>
    </ClCompile>
    <ClCompile Include="..\..\..\src\ML\Editor\FileBrowser.cpp">
      <Filter>Source Files\Widgets</Filter>
    </ClCompile>
    <ClCompile Include="..\..\..\src\ML\Editor\PropertyDrawer.cpp">
      <Filter>Source Files\Widgets</Filter>
    </ClCompile>
    <ClCompile Include="..\..\..\src\ML\Editor\ImGuiExt.cpp">
      <Filter>Source Files\Widgets</Filter>
    </ClCompile>
    <ClCompile Include="..\..\..\src\ML\Editor\JsonEditor.cpp">
      <Filter>Source Files\Widgets</Filter>
    </ClCompile>
    <ClCompile Include="..\..\..\src\ML\Editor\EditorInspector.cpp">
      <Filter>Source Files\Editor</Filter>
    </ClCompile>
    <ClCompile Include="..\..\..\thirdparty\include\imgui\addons\ImGuizmo\ImGuizmo.cpp">
      <Filter>Resource Files\ImGui\Addons\ImGuizmo</Filter>
    </ClCompile>
    <ClCompile Include="..\..\..\src\ML\Editor\EditorWindow.cpp">
      <Filter>Source Files\Editor</Filter>
    </ClCompile>
    <ClCompile Include="..\..\..\src\ML\Editor\EditorAbout.cpp">
      <Filter>Source Files\Editor</Filter>
    </ClCompile>
    <ClCompile Include="..\..\..\src\ML\Editor\EditorManual.cpp">
      <Filter>Source Files\Editor</Filter>
    </ClCompile>
    <ClCompile Include="..\..\..\src\ML\Editor\Editor.cpp">
      <Filter>Source Files\Editor</Filter>
    </ClCompile>
  </ItemGroup>
</Project>