<?xml version="1.0" encoding="utf-8"?>
<Project ToolsVersion="4.0" xmlns="http://schemas.microsoft.com/developer/msbuild/2003">
  <ItemGroup>
    <Filter Include="Source Files">
      <UniqueIdentifier>{4FC737F1-C7A5-4376-A066-2A32D752A2FF}</UniqueIdentifier>
      <Extensions>cpp;c;cc;cxx;def;odl;idl;hpj;bat;asm;asmx</Extensions>
    </Filter>
    <Filter Include="Header Files">
      <UniqueIdentifier>{93995380-89BD-4b04-88EB-625FBE52EBFB}</UniqueIdentifier>
      <Extensions>h;hh;hpp;hxx;hm;inl;inc;ipp;xsd</Extensions>
    </Filter>
    <Filter Include="Resource Files">
      <UniqueIdentifier>{67DA6AB6-F800-4c08-8B7A-83BB121AAD01}</UniqueIdentifier>
      <Extensions>rc;ico;cur;bmp;dlg;rc2;rct;bin;rgs;gif;jpg;jpeg;jpe;resx;tiff;tif;png;wav;mfcribbon-ms</Extensions>
    </Filter>
    <Filter Include="Resource Files\ImGui">
      <UniqueIdentifier>{eddf1b4f-e124-4bb2-b126-b4c91d26b255}</UniqueIdentifier>
    </Filter>
    <Filter Include="Resource Files\ImGui\include">
      <UniqueIdentifier>{c33fb150-2930-4155-bba6-46a363e1eddb}</UniqueIdentifier>
    </Filter>
    <Filter Include="Resource Files\ImGui\src">
      <UniqueIdentifier>{22d4a406-fd3b-42db-b0ad-e16ef7cc5d35}</UniqueIdentifier>
    </Filter>
    <Filter Include="Header Files\Utility">
      <UniqueIdentifier>{8f3fe754-f14f-4d05-bb34-2c6378c8ba6f}</UniqueIdentifier>
    </Filter>
    <Filter Include="Source Files\Utility">
      <UniqueIdentifier>{1c94eeaa-dd80-42c0-9400-f76905d7449c}</UniqueIdentifier>
    </Filter>
    <Filter Include="Header Files\Internal">
      <UniqueIdentifier>{adf4ba9f-3d93-46df-9865-e830ed9c9216}</UniqueIdentifier>
    </Filter>
    <Filter Include="Source Files\Internal">
      <UniqueIdentifier>{8d3fdf96-fb0c-4bae-82fb-eff4ef31cdf5}</UniqueIdentifier>
    </Filter>
    <Filter Include="Header Files\GUI">
      <UniqueIdentifier>{479ff0b2-aa13-4cc3-ae27-3794523dc929}</UniqueIdentifier>
    </Filter>
    <Filter Include="Source Files\GUI">
      <UniqueIdentifier>{26a5df71-1c52-4796-bf5f-8e3c4e481a78}</UniqueIdentifier>
    </Filter>
  </ItemGroup>
  <ItemGroup>
    <ClInclude Include="..\..\..\include\ML\Editor\Export.hpp">
      <Filter>Resource Files</Filter>
    </ClInclude>
    <ClInclude Include="..\..\..\thirdparty\include\imgui\imconfig.h">
      <Filter>Resource Files\ImGui\include</Filter>
    </ClInclude>
    <ClInclude Include="..\..\..\thirdparty\include\imgui\imgui.h">
      <Filter>Resource Files\ImGui\include</Filter>
    </ClInclude>
    <ClInclude Include="..\..\..\thirdparty\include\imgui\imstb_textedit.h">
      <Filter>Resource Files\ImGui\include</Filter>
    </ClInclude>
    <ClInclude Include="..\..\..\thirdparty\include\imgui\imstb_rectpack.h">
      <Filter>Resource Files\ImGui\include</Filter>
    </ClInclude>
    <ClInclude Include="..\..\..\thirdparty\include\imgui\imgui_internal.h">
      <Filter>Resource Files\ImGui\include</Filter>
    </ClInclude>
    <ClInclude Include="..\..\..\include\ML\Editor\EditorEvents.hpp">
      <Filter>Header Files\Utility</Filter>
    </ClInclude>
    <ClInclude Include="..\..\..\include\ML\Editor\Editor.hpp">
      <Filter>Header Files\Utility</Filter>
    </ClInclude>
    <ClInclude Include="..\..\..\include\ML\Editor\EditorPlugin.hpp">
      <Filter>Header Files\Utility</Filter>
    </ClInclude>
    <ClInclude Include="..\..\..\thirdparty\include\imgui\imstb_truetype.h">
      <Filter>Resource Files\ImGui\include</Filter>
    </ClInclude>
    <ClInclude Include="..\..\..\include\ML\Editor\ResourceGui.hpp">
      <Filter>Header Files\GUI</Filter>
    </ClInclude>
    <ClInclude Include="..\..\..\include\ML\Editor\ProfilerGui.hpp">
      <Filter>Header Files\GUI</Filter>
    </ClInclude>
    <ClInclude Include="..\..\..\include\ML\Editor\BrowserGui.hpp">
      <Filter>Header Files\GUI</Filter>
    </ClInclude>
    <ClInclude Include="..\..\..\include\ML\Editor\TerminalGui.hpp">
      <Filter>Header Files\GUI</Filter>
    </ClInclude>
    <ClInclude Include="..\..\..\include\ML\Editor\DockspaceGui.hpp">
      <Filter>Header Files\GUI</Filter>
    </ClInclude>
    <ClInclude Include="..\..\..\include\ML\Editor\EditorUtility.hpp">
      <Filter>Header Files\Utility</Filter>
    </ClInclude>
    <ClInclude Include="..\..\..\thirdparty\include\imgui\TextEditor.h">
      <Filter>Resource Files\ImGui\include</Filter>
    </ClInclude>
    <ClInclude Include="..\..\..\include\ML\Editor\ImGui.hpp">
      <Filter>Header Files\Internal</Filter>
    </ClInclude>
    <ClInclude Include="..\..\..\include\ML\Editor\EditorGui.hpp">
      <Filter>Header Files\GUI</Filter>
    </ClInclude>
    <ClInclude Include="..\..\..\include\ML\Editor\ImGui_StyleLoader.hpp">
      <Filter>Header Files\Internal</Filter>
    </ClInclude>
    <ClInclude Include="..\..\..\include\ML\Editor\ImGui_Impl.hpp">
      <Filter>Header Files\Internal</Filter>
    </ClInclude>
    <ClInclude Include="..\..\..\include\ML\Editor\PropertyDrawer.hpp">
      <Filter>Header Files\Utility</Filter>
    </ClInclude>
  </ItemGroup>
  <ItemGroup>
    <ClCompile Include="..\..\..\thirdparty\include\imgui\imgui_widgets.cpp">
      <Filter>Resource Files\ImGui\src</Filter>
    </ClCompile>
    <ClCompile Include="..\..\..\thirdparty\include\imgui\imgui.cpp">
      <Filter>Resource Files\ImGui\src</Filter>
    </ClCompile>
    <ClCompile Include="..\..\..\thirdparty\include\imgui\imgui_demo.cpp">
      <Filter>Resource Files\ImGui\src</Filter>
    </ClCompile>
    <ClCompile Include="..\..\..\thirdparty\include\imgui\imgui_draw.cpp">
      <Filter>Resource Files\ImGui\src</Filter>
    </ClCompile>
    <ClCompile Include="..\..\..\src\ML\Editor\Editor.cpp">
      <Filter>Source Files\Utility</Filter>
    </ClCompile>
    <ClCompile Include="..\..\..\src\ML\Editor\EditorPlugin.cpp">
      <Filter>Source Files\Utility</Filter>
    </ClCompile>
    <ClCompile Include="..\..\..\src\ML\Editor\ResourceGui.cpp">
      <Filter>Source Files\GUI</Filter>
    </ClCompile>
    <ClCompile Include="..\..\..\src\ML\Editor\ProfilerGui.cpp">
      <Filter>Source Files\GUI</Filter>
    </ClCompile>
    <ClCompile Include="..\..\..\src\ML\Editor\BrowserGui.cpp">
      <Filter>Source Files\GUI</Filter>
    </ClCompile>
    <ClCompile Include="..\..\..\src\ML\Editor\TerminalGui.cpp">
      <Filter>Source Files\GUI</Filter>
    </ClCompile>
    <ClCompile Include="..\..\..\src\ML\Editor\DockspaceGui.cpp">
      <Filter>Source Files\GUI</Filter>
    </ClCompile>
    <ClCompile Include="..\..\..\src\ML\Editor\EditorUtility.cpp">
      <Filter>Source Files\Utility</Filter>
    </ClCompile>
    <ClCompile Include="..\..\..\thirdparty\include\imgui\TextEditor.cpp">
      <Filter>Resource Files\ImGui\src</Filter>
    </ClCompile>
    <ClCompile Include="..\..\..\src\ML\Editor\EditorGui.cpp">
      <Filter>Source Files\GUI</Filter>
    </ClCompile>
    <ClCompile Include="..\..\..\src\ML\Editor\ImGui_StyleLoader.cpp">
      <Filter>Source Files\Internal</Filter>
    </ClCompile>
    <ClCompile Include="..\..\..\src\ML\Editor\ImGui_Impl.cpp">
      <Filter>Source Files\Internal</Filter>
    </ClCompile>
    <ClCompile Include="..\..\..\src\ML\Editor\PropertyDrawer.cpp">
      <Filter>Source Files\Utility</Filter>
    </ClCompile>
  </ItemGroup>
</Project>