<?xml version="1.0" encoding="utf-8"?>
<Project ToolsVersion="4.0" xmlns="http://schemas.microsoft.com/developer/msbuild/2003">
  <ItemGroup>
    <Filter Include="Source Files">
      <UniqueIdentifier>{4FC737F1-C7A5-4376-A066-2A32D752A2FF}</UniqueIdentifier>
      <Extensions>cpp;c;cc;cxx;def;odl;idl;hpj;bat;asm;asmx</Extensions>
    </Filter>
    <Filter Include="Header Files">
      <UniqueIdentifier>{93995380-89BD-4b04-88EB-625FBE52EBFB}</UniqueIdentifier>
      <Extensions>h;hh;hpp;hxx;hm;inl;inc;ipp;xsd</Extensions>
    </Filter>
    <Filter Include="Header Files\DS">
      <UniqueIdentifier>{37cea9eb-82ea-4e8a-a40f-ddea9a7cb0c2}</UniqueIdentifier>
    </Filter>
    <Filter Include="Header Files\Interfaces">
      <UniqueIdentifier>{64edec69-3d79-4d9b-a858-87175138149f}</UniqueIdentifier>
    </Filter>
    <Filter Include="Header Files\Utility">
      <UniqueIdentifier>{4cc0b5f2-b6e7-4346-8846-52961655e456}</UniqueIdentifier>
    </Filter>
    <Filter Include="Source Files\Utility">
      <UniqueIdentifier>{df4d87b1-4e98-474f-890e-b6053714747f}</UniqueIdentifier>
    </Filter>
    <Filter Include="Resource Files">
      <UniqueIdentifier>{67DA6AB6-F800-4c08-8B7A-83BB121AAD01}</UniqueIdentifier>
      <Extensions>rc;ico;cur;bmp;dlg;rc2;rct;bin;rgs;gif;jpg;jpeg;jpe;resx;tiff;tif;png;wav;mfcribbon-ms</Extensions>
    </Filter>
    <Filter Include="Header Files\Event System">
      <UniqueIdentifier>{2d0ff1b4-c6d6-4539-acd9-a619144de84f}</UniqueIdentifier>
    </Filter>
    <Filter Include="Source Files\Event System">
      <UniqueIdentifier>{d77562bc-0596-4503-8944-3a602aa19729}</UniqueIdentifier>
    </Filter>
  </ItemGroup>
  <ItemGroup>
    <ClInclude Include="..\..\..\include\ML\Core\Config.hpp">
      <Filter>Resource Files</Filter>
    </ClInclude>
    <ClInclude Include="..\..\..\include\ML\Core\Debug.hpp">
      <Filter>Header Files\Utility</Filter>
    </ClInclude>
    <ClInclude Include="..\..\..\include\ML\Core\StringUtility.hpp">
      <Filter>Header Files\Utility</Filter>
    </ClInclude>
    <ClInclude Include="..\..\..\include\ML\Core\Random.hpp">
      <Filter>Header Files\Utility</Filter>
    </ClInclude>
    <ClInclude Include="..\..\..\include\ML\Core\Duration.hpp">
      <Filter>Header Files\DS</Filter>
    </ClInclude>
    <ClInclude Include="..\..\..\include\ML\Core\Timer.hpp">
      <Filter>Header Files\DS</Filter>
    </ClInclude>
    <ClInclude Include="..\..\..\include\ML\Core\Thread.hpp">
      <Filter>Header Files\DS</Filter>
    </ClInclude>
    <ClInclude Include="..\..\..\include\ML\Core\FileSystem.hpp">
      <Filter>Header Files\Utility</Filter>
    </ClInclude>
    <ClInclude Include="..\..\..\include\ML\Core\File.hpp">
      <Filter>Header Files\DS</Filter>
    </ClInclude>
    <ClInclude Include="..\..\..\include\ML\Core\String.hpp">
      <Filter>Header Files\DS</Filter>
    </ClInclude>
    <ClInclude Include="..\..\..\include\ML\Core\List.hpp">
      <Filter>Header Files\DS</Filter>
    </ClInclude>
    <ClInclude Include="..\..\..\include\ML\Core\Array.hpp">
      <Filter>Header Files\DS</Filter>
    </ClInclude>
    <ClInclude Include="..\..\..\include\ML\Core\Alg.hpp">
      <Filter>Header Files\Utility</Filter>
    </ClInclude>
    <ClInclude Include="..\..\..\include\ML\Core\StandardLib.hpp">
      <Filter>Header Files\Utility</Filter>
    </ClInclude>
    <ClInclude Include="..\..\..\include\ML\Core\Rect.hpp">
      <Filter>Header Files\DS</Filter>
    </ClInclude>
    <ClInclude Include="..\..\..\include\ML\Core\Matrix.hpp">
      <Filter>Header Files\DS</Filter>
    </ClInclude>
    <ClInclude Include="..\..\..\include\ML\Core\Quaternion.hpp">
      <Filter>Header Files\DS</Filter>
    </ClInclude>
    <ClInclude Include="..\..\..\include\ML\Core\Hash.hpp">
      <Filter>Header Files\Utility</Filter>
    </ClInclude>
    <ClInclude Include="..\..\..\include\ML\Core\Input.hpp">
      <Filter>Header Files\Utility</Filter>
    </ClInclude>
    <ClInclude Include="..\..\..\include\ML\Core\OS.hpp">
      <Filter>Header Files\Utility</Filter>
    </ClInclude>
    <ClInclude Include="..\..\..\include\ML\Core\Export.hpp">
      <Filter>Resource Files</Filter>
    </ClInclude>
    <ClInclude Include="..\..\..\include\ML\Core\Constants.hpp">
      <Filter>Header Files\Utility</Filter>
    </ClInclude>
    <ClInclude Include="..\..\..\include\ML\Core\StringView.hpp">
      <Filter>Header Files\DS</Filter>
    </ClInclude>
    <ClInclude Include="..\..\..\include\ML\Core\MemoryManager.hpp">
      <Filter>Header Files\Utility</Filter>
    </ClInclude>
    <ClInclude Include="..\..\..\include\ML\Core\Decay.hpp">
      <Filter>Header Files\Utility</Filter>
    </ClInclude>
    <ClInclude Include="..\..\..\include\ML\Core\NameOf.hpp">
      <Filter>Header Files\Utility</Filter>
    </ClInclude>
    <ClInclude Include="..\..\..\include\ML\Core\TypeOf.hpp">
      <Filter>Header Files\Utility</Filter>
    </ClInclude>
    <ClInclude Include="..\..\..\include\ML\Core\Signature.hpp">
      <Filter>Header Files\Utility</Filter>
    </ClInclude>
    <ClInclude Include="..\..\..\include\ML\Core\SizeOf.hpp">
      <Filter>Header Files\Utility</Filter>
    </ClInclude>
    <ClInclude Include="..\..\..\include\ML\Core\Bitset.hpp">
      <Filter>Header Files\DS</Filter>
    </ClInclude>
    <ClInclude Include="..\..\..\include\ML\Core\Event.hpp">
      <Filter>Header Files\Event System</Filter>
    </ClInclude>
    <ClInclude Include="..\..\..\include\ML\Core\CoreEvents.hpp">
      <Filter>Header Files\Event System</Filter>
    </ClInclude>
    <ClInclude Include="..\..\..\include\ML\Core\EventSystem.hpp">
      <Filter>Header Files\Event System</Filter>
    </ClInclude>
    <ClInclude Include="..\..\..\include\ML\Core\Disposable.hpp">
      <Filter>Header Files\Interfaces</Filter>
    </ClInclude>
    <ClInclude Include="..\..\..\include\ML\Core\Handle.hpp">
      <Filter>Header Files\Interfaces</Filter>
    </ClInclude>
    <ClInclude Include="..\..\..\include\ML\Core\Newable.hpp">
      <Filter>Header Files\Interfaces</Filter>
    </ClInclude>
    <ClInclude Include="..\..\..\include\ML\Core\NonCopyable.hpp">
      <Filter>Header Files\Interfaces</Filter>
    </ClInclude>
    <ClInclude Include="..\..\..\include\ML\Core\NonNewable.hpp">
      <Filter>Header Files\Interfaces</Filter>
    </ClInclude>
    <ClInclude Include="..\..\..\include\ML\Core\Singleton.hpp">
      <Filter>Header Files\Interfaces</Filter>
    </ClInclude>
    <ClInclude Include="..\..\..\include\ML\Core\EventListener.hpp">
      <Filter>Header Files\Event System</Filter>
    </ClInclude>
    <ClInclude Include="..\..\..\include\ML\Core\Ratio.hpp">
      <Filter>Header Files\Utility</Filter>
    </ClInclude>
  </ItemGroup>
  <ItemGroup>
    <ClCompile Include="..\..\..\src\ML\Core\OS.cpp">
      <Filter>Source Files\Utility</Filter>
    </ClCompile>
    <ClCompile Include="..\..\..\src\ML\Core\FileSystem.cpp">
      <Filter>Source Files\Utility</Filter>
    </ClCompile>
    <ClCompile Include="..\..\..\src\ML\Core\Debug.cpp">
      <Filter>Source Files\Utility</Filter>
    </ClCompile>
    <ClCompile Include="..\..\..\src\ML\Core\MemoryManager.cpp">
      <Filter>Source Files\Utility</Filter>
    </ClCompile>
    <ClCompile Include="..\..\..\src\ML\Core\EventSystem.cpp">
      <Filter>Source Files\Event System</Filter>
    </ClCompile>
    <ClCompile Include="..\..\..\src\ML\Core\EventListener.cpp">
      <Filter>Source Files\Event System</Filter>
    </ClCompile>
  </ItemGroup>
</Project>